// !$*UTF8*$!
{
	archiveVersion = 1;
	classes = {
	};
	objectVersion = 77;
	objects = {

/* Begin PBXBuildFile section */
		4C49000E2DCCA16300FBECD1 /* Interactor.swift in Sources */ = {isa = PBXBuildFile; fileRef = 4C49000D2DCCA16300FBECD1 /* Interactor.swift */; };
		4C49FFDC2DC8138800FBECD1 /* ErrorEntity.swift in Sources */ = {isa = PBXBuildFile; fileRef = 4C49FFDB2DC8138800FBECD1 /* ErrorEntity.swift */; };
		4C79BAD02DD4D11E006A1212 /* AdDetailViewControllerInterface.swift in Sources */ = {isa = PBXBuildFile; fileRef = 4C79BACF2DD4D11E006A1212 /* AdDetailViewControllerInterface.swift */; };
		4C79BAD22DD4D123006A1212 /* AdDetailViewController.swift in Sources */ = {isa = PBXBuildFile; fileRef = 4C79BAD12DD4D123006A1212 /* AdDetailViewController.swift */; };
		4C79BAD42DD4D130006A1212 /* AdDetailPresenterInterface.swift in Sources */ = {isa = PBXBuildFile; fileRef = 4C79BAD32DD4D130006A1212 /* AdDetailPresenterInterface.swift */; };
		4C79BAD62DD4D133006A1212 /* AdDetailPresenter.swift in Sources */ = {isa = PBXBuildFile; fileRef = 4C79BAD52DD4D133006A1212 /* AdDetailPresenter.swift */; };
		4C79BAD82DD4D142006A1212 /* AdDetailInteractorInterface.swift in Sources */ = {isa = PBXBuildFile; fileRef = 4C79BAD72DD4D142006A1212 /* AdDetailInteractorInterface.swift */; };
		4C79BADA2DD4D146006A1212 /* AdDetailInteractor.swift in Sources */ = {isa = PBXBuildFile; fileRef = 4C79BAD92DD4D146006A1212 /* AdDetailInteractor.swift */; };
		4C79BADC2DD4D153006A1212 /* AdDetailRouterInterface.swift in Sources */ = {isa = PBXBuildFile; fileRef = 4C79BADB2DD4D153006A1212 /* AdDetailRouterInterface.swift */; };
		4C79BADE2DD4D158006A1212 /* AdDetailRouter.swift in Sources */ = {isa = PBXBuildFile; fileRef = 4C79BADD2DD4D158006A1212 /* AdDetailRouter.swift */; };
		4C79BAE02DD4D173006A1212 /* AdDetailApiSourceInterface.swift in Sources */ = {isa = PBXBuildFile; fileRef = 4C79BADF2DD4D173006A1212 /* AdDetailApiSourceInterface.swift */; };
		4C79BAE22DD4D178006A1212 /* AdDetailApiSource.swift in Sources */ = {isa = PBXBuildFile; fileRef = 4C79BAE12DD4D178006A1212 /* AdDetailApiSource.swift */; };
		4C79BAE62DD4D9CA006A1212 /* AdDetailTableViewCell.swift in Sources */ = {isa = PBXBuildFile; fileRef = 4C79BAE52DD4D9CA006A1212 /* AdDetailTableViewCell.swift */; };
		4C79BAE92DD541A0006A1212 /* InfoView.swift in Sources */ = {isa = PBXBuildFile; fileRef = 4C79BAE82DD541A0006A1212 /* InfoView.swift */; };
		4C79BAEE2DD54A95006A1212 /* AdDetailApiModel.swift in Sources */ = {isa = PBXBuildFile; fileRef = 4C79BAED2DD54A95006A1212 /* AdDetailApiModel.swift */; };
		4C79BAF12DD54AA9006A1212 /* AdDetailApiMapper.swift in Sources */ = {isa = PBXBuildFile; fileRef = 4C79BAF02DD54AA9006A1212 /* AdDetailApiMapper.swift */; };
		4C79BAF32DD54BF7006A1212 /* UbicationApiModel.swift in Sources */ = {isa = PBXBuildFile; fileRef = 4C79BAF22DD54BF7006A1212 /* UbicationApiModel.swift */; };
		4C79BAF52DD54E24006A1212 /* CharacteristicsApiModel.swift in Sources */ = {isa = PBXBuildFile; fileRef = 4C79BAF42DD54E24006A1212 /* CharacteristicsApiModel.swift */; };
		4C79BAFA2DD54EC3006A1212 /* EnergyCertificationApiModel.swift in Sources */ = {isa = PBXBuildFile; fileRef = 4C79BAF92DD54EC3006A1212 /* EnergyCertificationApiModel.swift */; };
		4C79BAFD2DD55039006A1212 /* AdDetailEntity.swift in Sources */ = {isa = PBXBuildFile; fileRef = 4C79BAFC2DD55039006A1212 /* AdDetailEntity.swift */; };
		4C79BB002DD55051006A1212 /* UbicationEntity.swift in Sources */ = {isa = PBXBuildFile; fileRef = 4C79BAFF2DD55051006A1212 /* UbicationEntity.swift */; };
		4C79BB032DD55068006A1212 /* EnergyCertificationEntity.swift in Sources */ = {isa = PBXBuildFile; fileRef = 4C79BB022DD55068006A1212 /* EnergyCertificationEntity.swift */; };
		4C79BB062DD55078006A1212 /* CharacteristicsEntity.swift in Sources */ = {isa = PBXBuildFile; fileRef = 4C79BB052DD55078006A1212 /* CharacteristicsEntity.swift */; };
		4C79BB0A2DD554BA006A1212 /* AdDetailUiModel.swift in Sources */ = {isa = PBXBuildFile; fileRef = 4C79BB092DD554BA006A1212 /* AdDetailUiModel.swift */; };
		4C79BB0C2DD554C3006A1212 /* AdDetailCellRepresentable.swift in Sources */ = {isa = PBXBuildFile; fileRef = 4C79BB0B2DD554C3006A1212 /* AdDetailCellRepresentable.swift */; };
		4C79BB0E2DD55CFA006A1212 /* UIImage+Extensions.swift in Sources */ = {isa = PBXBuildFile; fileRef = 4C79BB0D2DD55CFA006A1212 /* UIImage+Extensions.swift */; };
		4C9607012DC5717F0054D0FD /* AppDelegate.swift in Sources */ = {isa = PBXBuildFile; fileRef = 4C9606F72DC5717F0054D0FD /* AppDelegate.swift */; };
		4C9607032DC5717F0054D0FD /* ViewController.swift in Sources */ = {isa = PBXBuildFile; fileRef = 4C9606FF2DC5717F0054D0FD /* ViewController.swift */; };
		4C9607042DC5717F0054D0FD /* Assets.xcassets in Resources */ = {isa = PBXBuildFile; fileRef = 4C9606F82DC5717F0054D0FD /* Assets.xcassets */; };
		4C9607062DC5717F0054D0FD /* LaunchScreen.storyboard in Resources */ = {isa = PBXBuildFile; fileRef = 4C9606FB2DC5717F0054D0FD /* LaunchScreen.storyboard */; };
		4C96070A2DC571880054D0FD /* IdealistaChallengeTests.swift in Sources */ = {isa = PBXBuildFile; fileRef = 4C9607082DC571880054D0FD /* IdealistaChallengeTests.swift */; };
		4C96070E2DC5718B0054D0FD /* IdealistaChallengeUITests.swift in Sources */ = {isa = PBXBuildFile; fileRef = 4C96070B2DC5718B0054D0FD /* IdealistaChallengeUITests.swift */; };
		4C96070F2DC5718B0054D0FD /* IdealistaChallengeUITestsLaunchTests.swift in Sources */ = {isa = PBXBuildFile; fileRef = 4C96070C2DC5718B0054D0FD /* IdealistaChallengeUITestsLaunchTests.swift */; };
		4C96071C2DC57A7E0054D0FD /* NavigationController.swift in Sources */ = {isa = PBXBuildFile; fileRef = 4C96071B2DC57A7E0054D0FD /* NavigationController.swift */; };
		4C96071E2DC57AB80054D0FD /* InteractivePopGestureInterface.swift in Sources */ = {isa = PBXBuildFile; fileRef = 4C96071D2DC57AB80054D0FD /* InteractivePopGestureInterface.swift */; };
		4C9607252DC57B3D0054D0FD /* ViewControllerRepresentable.swift in Sources */ = {isa = PBXBuildFile; fileRef = 4C9607242DC57B3D0054D0FD /* ViewControllerRepresentable.swift */; };
		4C9607272DC57B630054D0FD /* ViewRepresentable.swift in Sources */ = {isa = PBXBuildFile; fileRef = 4C9607262DC57B630054D0FD /* ViewRepresentable.swift */; };
		4C96072B2DC57DA50054D0FD /* LoadingIndicator.swift in Sources */ = {isa = PBXBuildFile; fileRef = 4C96072A2DC57DA50054D0FD /* LoadingIndicator.swift */; };
		4C96072D2DC57DAB0054D0FD /* LoadingView.swift in Sources */ = {isa = PBXBuildFile; fileRef = 4C96072C2DC57DAB0054D0FD /* LoadingView.swift */; };
		4C9607302DC57E170054D0FD /* UIView+Extensions.swift in Sources */ = {isa = PBXBuildFile; fileRef = 4C96072F2DC57E170054D0FD /* UIView+Extensions.swift */; };
		4C9607332DC57F9B0054D0FD /* PropertyStoring.swift in Sources */ = {isa = PBXBuildFile; fileRef = 4C9607322DC57F9B0054D0FD /* PropertyStoring.swift */; };
		4C9607352DC5800A0054D0FD /* UIWindow+Extensions.swift in Sources */ = {isa = PBXBuildFile; fileRef = 4C9607342DC5800A0054D0FD /* UIWindow+Extensions.swift */; };
		4C96073D2DC583240054D0FD /* AdsInteractorInterface.swift in Sources */ = {isa = PBXBuildFile; fileRef = 4C96073C2DC583240054D0FD /* AdsInteractorInterface.swift */; };
		4C96073F2DC583320054D0FD /* AdsRouter.swift in Sources */ = {isa = PBXBuildFile; fileRef = 4C96073E2DC583320054D0FD /* AdsRouter.swift */; };
		4C9607412DC5835C0054D0FD /* AdsRouterInterface.swift in Sources */ = {isa = PBXBuildFile; fileRef = 4C9607402DC5835C0054D0FD /* AdsRouterInterface.swift */; };
		4C9607432DC583680054D0FD /* AdsInteractor.swift in Sources */ = {isa = PBXBuildFile; fileRef = 4C9607422DC583680054D0FD /* AdsInteractor.swift */; };
		4C9607452DC583740054D0FD /* AdsPresenterInterface.swift in Sources */ = {isa = PBXBuildFile; fileRef = 4C9607442DC583740054D0FD /* AdsPresenterInterface.swift */; };
		4C9607472DC5837F0054D0FD /* AdsPresenter.swift in Sources */ = {isa = PBXBuildFile; fileRef = 4C9607462DC5837F0054D0FD /* AdsPresenter.swift */; };
		4C9607492DC583900054D0FD /* AdsViewControllerInterface.swift in Sources */ = {isa = PBXBuildFile; fileRef = 4C9607482DC583900054D0FD /* AdsViewControllerInterface.swift */; };
		4C96074B2DC583970054D0FD /* AdsViewController.swift in Sources */ = {isa = PBXBuildFile; fileRef = 4C96074A2DC583970054D0FD /* AdsViewController.swift */; };
		4C96074E2DC583F20054D0FD /* Router.swift in Sources */ = {isa = PBXBuildFile; fileRef = 4C96074D2DC583F20054D0FD /* Router.swift */; };
		4C9607522DC5852A0054D0FD /* CellRepresentable.swift in Sources */ = {isa = PBXBuildFile; fileRef = 4C9607512DC5852A0054D0FD /* CellRepresentable.swift */; };
		4C9607542DC5854C0054D0FD /* UITableView+Extension.swift in Sources */ = {isa = PBXBuildFile; fileRef = 4C9607532DC5854C0054D0FD /* UITableView+Extension.swift */; };
		4C9607562DC5863B0054D0FD /* ModuleTableView.swift in Sources */ = {isa = PBXBuildFile; fileRef = 4C9607552DC5863B0054D0FD /* ModuleTableView.swift */; };
		4C9607592DC587680054D0FD /* LoadingCellRepresentable.swift in Sources */ = {isa = PBXBuildFile; fileRef = 4C9607582DC587680054D0FD /* LoadingCellRepresentable.swift */; };
		4C96075B2DC5878C0054D0FD /* SelectableCellRepresentable.swift in Sources */ = {isa = PBXBuildFile; fileRef = 4C96075A2DC5878C0054D0FD /* SelectableCellRepresentable.swift */; };
		4C96075E2DC7DFFD0054D0FD /* Presenter.swift in Sources */ = {isa = PBXBuildFile; fileRef = 4C96075D2DC7DFFD0054D0FD /* Presenter.swift */; };
		4C9607612DC7E0230054D0FD /* Queueable.swift in Sources */ = {isa = PBXBuildFile; fileRef = 4C9607602DC7E0230054D0FD /* Queueable.swift */; };
		4C9607682DC7E6470054D0FD /* AdsApiSourceInterface.swift in Sources */ = {isa = PBXBuildFile; fileRef = 4C9607672DC7E6470054D0FD /* AdsApiSourceInterface.swift */; };
		4C96076A2DC7E64E0054D0FD /* AdsApiSource.swift in Sources */ = {isa = PBXBuildFile; fileRef = 4C9607692DC7E64E0054D0FD /* AdsApiSource.swift */; };
		4C96076C2DC7E65E0054D0FD /* AdApiMapper.swift in Sources */ = {isa = PBXBuildFile; fileRef = 4C96076B2DC7E65E0054D0FD /* AdApiMapper.swift */; };
		4C96076E2DC7E66A0054D0FD /* AdApiModel.swift in Sources */ = {isa = PBXBuildFile; fileRef = 4C96076D2DC7E66A0054D0FD /* AdApiModel.swift */; };
		4C9607712DC7EC680054D0FD /* PriceInfoApiModel.swift in Sources */ = {isa = PBXBuildFile; fileRef = 4C9607702DC7EC680054D0FD /* PriceInfoApiModel.swift */; };
		4C9607742DC7EC840054D0FD /* MultimediaApiModel.swift in Sources */ = {isa = PBXBuildFile; fileRef = 4C9607732DC7EC840054D0FD /* MultimediaApiModel.swift */; };
		4C9607772DC7ECB70054D0FD /* FeatureApiModel.swift in Sources */ = {isa = PBXBuildFile; fileRef = 4C9607762DC7ECB70054D0FD /* FeatureApiModel.swift */; };
		4C96077A2DC7ECD80054D0FD /* ParkingSpaceApiModel.swift in Sources */ = {isa = PBXBuildFile; fileRef = 4C9607792DC7ECD80054D0FD /* ParkingSpaceApiModel.swift */; };
		4C96077D2DC7F08C0054D0FD /* OperationEnumApiModel.swift in Sources */ = {isa = PBXBuildFile; fileRef = 4C96077C2DC7F08C0054D0FD /* OperationEnumApiModel.swift */; };
		4C96077F2DC7F12F0054D0FD /* ImageApiModel.swift in Sources */ = {isa = PBXBuildFile; fileRef = 4C96077E2DC7F12F0054D0FD /* ImageApiModel.swift */; };
		4C9607812DC7F16A0054D0FD /* PriceApiModel.swift in Sources */ = {isa = PBXBuildFile; fileRef = 4C9607802DC7F16A0054D0FD /* PriceApiModel.swift */; };
		4CC4406F2DCCFFD60097CFCD /* ServerURL.swift in Sources */ = {isa = PBXBuildFile; fileRef = 4CC4406E2DCCFFD60097CFCD /* ServerURL.swift */; };
		4CC440752DCD00220097CFCD /* ApiConstants.swift in Sources */ = {isa = PBXBuildFile; fileRef = 4CC440742DCD00220097CFCD /* ApiConstants.swift */; };
		4CC4407A2DCD007C0097CFCD /* EnvironmentRepresentable.swift in Sources */ = {isa = PBXBuildFile; fileRef = 4CC440792DCD007C0097CFCD /* EnvironmentRepresentable.swift */; };
		4CC4407C2DCD00840097CFCD /* Environment+Pro.swift in Sources */ = {isa = PBXBuildFile; fileRef = 4CC4407B2DCD00840097CFCD /* Environment+Pro.swift */; };
		4CC4407E2DCD00930097CFCD /* EnvironmentManagerInterface.swift in Sources */ = {isa = PBXBuildFile; fileRef = 4CC4407D2DCD00930097CFCD /* EnvironmentManagerInterface.swift */; };
		4CC440802DCD009B0097CFCD /* EnvironmentManager.swift in Sources */ = {isa = PBXBuildFile; fileRef = 4CC4407F2DCD009B0097CFCD /* EnvironmentManager.swift */; };
		4CC440852DCD037D0097CFCD /* ErrorApiModel.swift in Sources */ = {isa = PBXBuildFile; fileRef = 4CC440842DCD037D0097CFCD /* ErrorApiModel.swift */; };
		4CC440892DCD04000097CFCD /* HTTPStatusCode.swift in Sources */ = {isa = PBXBuildFile; fileRef = 4CC440882DCD04000097CFCD /* HTTPStatusCode.swift */; };
		4CC4408C2DCD047A0097CFCD /* ApiDecoder.swift in Sources */ = {isa = PBXBuildFile; fileRef = 4CC4408B2DCD047A0097CFCD /* ApiDecoder.swift */; };
		4CC440902DCD070D0097CFCD /* APIPath.swift in Sources */ = {isa = PBXBuildFile; fileRef = 4CC4408F2DCD070D0097CFCD /* APIPath.swift */; };
		4CC4411D2DCD49980097CFCD /* ApiRequesterInterface.swift in Sources */ = {isa = PBXBuildFile; fileRef = 4CC4411C2DCD49980097CFCD /* ApiRequesterInterface.swift */; };
		4CC4411F2DCD499F0097CFCD /* ApiRequester.swift in Sources */ = {isa = PBXBuildFile; fileRef = 4CC4411E2DCD499F0097CFCD /* ApiRequester.swift */; };
		4CC441222DCD4DB10097CFCD /* ApiSource.swift in Sources */ = {isa = PBXBuildFile; fileRef = 4CC441212DCD4DB10097CFCD /* ApiSource.swift */; };
		4CC441242DCD53200097CFCD /* ApiClient.swift in Sources */ = {isa = PBXBuildFile; fileRef = 4CC441232DCD52130097CFCD /* ApiClient.swift */; };
		4CC441262DCD57630097CFCD /* AdEntity.swift in Sources */ = {isa = PBXBuildFile; fileRef = 4CC441252DCD57630097CFCD /* AdEntity.swift */; };
		4CC4412E2DCD57EF0097CFCD /* FeatureEntity.swift in Sources */ = {isa = PBXBuildFile; fileRef = 4CC4412D2DCD57EF0097CFCD /* FeatureEntity.swift */; };
		4CC441302DCD58350097CFCD /* ImageEntity.swift in Sources */ = {isa = PBXBuildFile; fileRef = 4CC4412F2DCD58350097CFCD /* ImageEntity.swift */; };
		4CC441322DCD58620097CFCD /* OperationEnumEntity.swift in Sources */ = {isa = PBXBuildFile; fileRef = 4CC441312DCD58620097CFCD /* OperationEnumEntity.swift */; };
		4CC441342DCD587F0097CFCD /* ParkingSpaceEntity.swift in Sources */ = {isa = PBXBuildFile; fileRef = 4CC441332DCD587F0097CFCD /* ParkingSpaceEntity.swift */; };
		4CC441362DCD58B10097CFCD /* PriceEntity.swift in Sources */ = {isa = PBXBuildFile; fileRef = 4CC441352DCD58B10097CFCD /* PriceEntity.swift */; };
		4CC4413A2DCD63910097CFCD /* AdCellRepresentable.swift in Sources */ = {isa = PBXBuildFile; fileRef = 4CC441392DCD63910097CFCD /* AdCellRepresentable.swift */; };
		4CC4413C2DCD63990097CFCD /* AdUiModel.swift in Sources */ = {isa = PBXBuildFile; fileRef = 4CC4413B2DCD63990097CFCD /* AdUiModel.swift */; };
		4CC441402DCD665D0097CFCD /* AdTableViewCell.swift in Sources */ = {isa = PBXBuildFile; fileRef = 4CC4413F2DCD665D0097CFCD /* AdTableViewCell.swift */; };
		4CD5F9102DD9FD4F00EEC495 /* DateFormatter+Extensions.swift in Sources */ = {isa = PBXBuildFile; fileRef = 4CD5F90F2DD9FD4F00EEC495 /* DateFormatter+Extensions.swift */; };
		4CD5F9152DDA00DF00EEC495 /* Localizable.xcstrings in Resources */ = {isa = PBXBuildFile; fileRef = 4CD5F9142DDA00DF00EEC495 /* Localizable.xcstrings */; };
		4CE950022DD92F9300D98EF7 /* IdealistaFav.xcdatamodeld in Sources */ = {isa = PBXBuildFile; fileRef = 4CE950002DD92F9300D98EF7 /* IdealistaFav.xcdatamodeld */; };
		4CE950052DD9303600D98EF7 /* AdFav+CoreDataClass.swift in Sources */ = {isa = PBXBuildFile; fileRef = 4CE950032DD9303600D98EF7 /* AdFav+CoreDataClass.swift */; };
		4CE950062DD9303600D98EF7 /* AdFav+CoreDataProperties.swift in Sources */ = {isa = PBXBuildFile; fileRef = 4CE950042DD9303600D98EF7 /* AdFav+CoreDataProperties.swift */; };
		4CE9500A2DD9335F00D98EF7 /* CoreDataStak.swift in Sources */ = {isa = PBXBuildFile; fileRef = 4CE950092DD9335F00D98EF7 /* CoreDataStak.swift */; };
		4CE951182DD93BD700D98EF7 /* UIControl+Extension.swift in Sources */ = {isa = PBXBuildFile; fileRef = 4CE951172DD93BD700D98EF7 /* UIControl+Extension.swift */; };
		4CE9511A2DD93F7D00D98EF7 /* AdsCoreDataInterface.swift in Sources */ = {isa = PBXBuildFile; fileRef = 4CE951192DD93F7D00D98EF7 /* AdsCoreDataInterface.swift */; };
		4CE9511C2DD93F8400D98EF7 /* AdsCoreData.swift in Sources */ = {isa = PBXBuildFile; fileRef = 4CE9511B2DD93F8400D98EF7 /* AdsCoreData.swift */; };
/* End PBXBuildFile section */

/* Begin PBXContainerItemProxy section */
		4C9606692DC56B3E0054D0FD /* PBXContainerItemProxy */ = {
			isa = PBXContainerItemProxy;
			containerPortal = 4C96064A2DC56B3C0054D0FD /* Project object */;
			proxyType = 1;
			remoteGlobalIDString = 4C9606512DC56B3C0054D0FD;
			remoteInfo = IdealistaChallenge;
		};
		4C9606732DC56B3E0054D0FD /* PBXContainerItemProxy */ = {
			isa = PBXContainerItemProxy;
			containerPortal = 4C96064A2DC56B3C0054D0FD /* Project object */;
			proxyType = 1;
			remoteGlobalIDString = 4C9606512DC56B3C0054D0FD;
			remoteInfo = IdealistaChallenge;
		};
/* End PBXContainerItemProxy section */

/* Begin PBXFileReference section */
		4C49000D2DCCA16300FBECD1 /* Interactor.swift */ = {isa = PBXFileReference; lastKnownFileType = sourcecode.swift; path = Interactor.swift; sourceTree = "<group>"; };
		4C49FFDB2DC8138800FBECD1 /* ErrorEntity.swift */ = {isa = PBXFileReference; lastKnownFileType = sourcecode.swift; path = ErrorEntity.swift; sourceTree = "<group>"; };
		4C79BACF2DD4D11E006A1212 /* AdDetailViewControllerInterface.swift */ = {isa = PBXFileReference; lastKnownFileType = sourcecode.swift; path = AdDetailViewControllerInterface.swift; sourceTree = "<group>"; };
		4C79BAD12DD4D123006A1212 /* AdDetailViewController.swift */ = {isa = PBXFileReference; lastKnownFileType = sourcecode.swift; path = AdDetailViewController.swift; sourceTree = "<group>"; };
		4C79BAD32DD4D130006A1212 /* AdDetailPresenterInterface.swift */ = {isa = PBXFileReference; lastKnownFileType = sourcecode.swift; path = AdDetailPresenterInterface.swift; sourceTree = "<group>"; };
		4C79BAD52DD4D133006A1212 /* AdDetailPresenter.swift */ = {isa = PBXFileReference; lastKnownFileType = sourcecode.swift; path = AdDetailPresenter.swift; sourceTree = "<group>"; };
		4C79BAD72DD4D142006A1212 /* AdDetailInteractorInterface.swift */ = {isa = PBXFileReference; lastKnownFileType = sourcecode.swift; path = AdDetailInteractorInterface.swift; sourceTree = "<group>"; };
		4C79BAD92DD4D146006A1212 /* AdDetailInteractor.swift */ = {isa = PBXFileReference; lastKnownFileType = sourcecode.swift; path = AdDetailInteractor.swift; sourceTree = "<group>"; };
		4C79BADB2DD4D153006A1212 /* AdDetailRouterInterface.swift */ = {isa = PBXFileReference; lastKnownFileType = sourcecode.swift; path = AdDetailRouterInterface.swift; sourceTree = "<group>"; };
		4C79BADD2DD4D158006A1212 /* AdDetailRouter.swift */ = {isa = PBXFileReference; lastKnownFileType = sourcecode.swift; path = AdDetailRouter.swift; sourceTree = "<group>"; };
		4C79BADF2DD4D173006A1212 /* AdDetailApiSourceInterface.swift */ = {isa = PBXFileReference; lastKnownFileType = sourcecode.swift; path = AdDetailApiSourceInterface.swift; sourceTree = "<group>"; };
		4C79BAE12DD4D178006A1212 /* AdDetailApiSource.swift */ = {isa = PBXFileReference; lastKnownFileType = sourcecode.swift; path = AdDetailApiSource.swift; sourceTree = "<group>"; };
		4C79BAE52DD4D9CA006A1212 /* AdDetailTableViewCell.swift */ = {isa = PBXFileReference; lastKnownFileType = sourcecode.swift; path = AdDetailTableViewCell.swift; sourceTree = "<group>"; };
		4C79BAE82DD541A0006A1212 /* InfoView.swift */ = {isa = PBXFileReference; lastKnownFileType = sourcecode.swift; path = InfoView.swift; sourceTree = "<group>"; };
		4C79BAED2DD54A95006A1212 /* AdDetailApiModel.swift */ = {isa = PBXFileReference; lastKnownFileType = sourcecode.swift; path = AdDetailApiModel.swift; sourceTree = "<group>"; };
		4C79BAF02DD54AA9006A1212 /* AdDetailApiMapper.swift */ = {isa = PBXFileReference; lastKnownFileType = sourcecode.swift; path = AdDetailApiMapper.swift; sourceTree = "<group>"; };
		4C79BAF22DD54BF7006A1212 /* UbicationApiModel.swift */ = {isa = PBXFileReference; lastKnownFileType = sourcecode.swift; path = UbicationApiModel.swift; sourceTree = "<group>"; };
		4C79BAF42DD54E24006A1212 /* CharacteristicsApiModel.swift */ = {isa = PBXFileReference; lastKnownFileType = sourcecode.swift; path = CharacteristicsApiModel.swift; sourceTree = "<group>"; };
		4C79BAF92DD54EC3006A1212 /* EnergyCertificationApiModel.swift */ = {isa = PBXFileReference; lastKnownFileType = sourcecode.swift; path = EnergyCertificationApiModel.swift; sourceTree = "<group>"; };
		4C79BAFC2DD55039006A1212 /* AdDetailEntity.swift */ = {isa = PBXFileReference; lastKnownFileType = sourcecode.swift; path = AdDetailEntity.swift; sourceTree = "<group>"; };
		4C79BAFF2DD55051006A1212 /* UbicationEntity.swift */ = {isa = PBXFileReference; lastKnownFileType = sourcecode.swift; path = UbicationEntity.swift; sourceTree = "<group>"; };
		4C79BB022DD55068006A1212 /* EnergyCertificationEntity.swift */ = {isa = PBXFileReference; lastKnownFileType = sourcecode.swift; path = EnergyCertificationEntity.swift; sourceTree = "<group>"; };
		4C79BB052DD55078006A1212 /* CharacteristicsEntity.swift */ = {isa = PBXFileReference; lastKnownFileType = sourcecode.swift; path = CharacteristicsEntity.swift; sourceTree = "<group>"; };
		4C79BB092DD554BA006A1212 /* AdDetailUiModel.swift */ = {isa = PBXFileReference; lastKnownFileType = sourcecode.swift; path = AdDetailUiModel.swift; sourceTree = "<group>"; };
		4C79BB0B2DD554C3006A1212 /* AdDetailCellRepresentable.swift */ = {isa = PBXFileReference; lastKnownFileType = sourcecode.swift; path = AdDetailCellRepresentable.swift; sourceTree = "<group>"; };
		4C79BB0D2DD55CFA006A1212 /* UIImage+Extensions.swift */ = {isa = PBXFileReference; lastKnownFileType = sourcecode.swift; path = "UIImage+Extensions.swift"; sourceTree = "<group>"; };
		4C9606522DC56B3C0054D0FD /* IdealistaChallenge.app */ = {isa = PBXFileReference; explicitFileType = wrapper.application; includeInIndex = 0; path = IdealistaChallenge.app; sourceTree = BUILT_PRODUCTS_DIR; };
		4C9606682DC56B3E0054D0FD /* IdealistaChallengeTests.xctest */ = {isa = PBXFileReference; explicitFileType = wrapper.cfbundle; includeInIndex = 0; path = IdealistaChallengeTests.xctest; sourceTree = BUILT_PRODUCTS_DIR; };
		4C9606722DC56B3E0054D0FD /* IdealistaChallengeUITests.xctest */ = {isa = PBXFileReference; explicitFileType = wrapper.cfbundle; includeInIndex = 0; path = IdealistaChallengeUITests.xctest; sourceTree = BUILT_PRODUCTS_DIR; };
		4C9606F72DC5717F0054D0FD /* AppDelegate.swift */ = {isa = PBXFileReference; lastKnownFileType = sourcecode.swift; path = AppDelegate.swift; sourceTree = "<group>"; };
		4C9606F82DC5717F0054D0FD /* Assets.xcassets */ = {isa = PBXFileReference; lastKnownFileType = folder.assetcatalog; path = Assets.xcassets; sourceTree = "<group>"; };
		4C9606F92DC5717F0054D0FD /* Info.plist */ = {isa = PBXFileReference; lastKnownFileType = text.plist.xml; path = Info.plist; sourceTree = "<group>"; };
		4C9606FA2DC5717F0054D0FD /* Base */ = {isa = PBXFileReference; lastKnownFileType = file.storyboard; name = Base; path = Base.lproj/LaunchScreen.storyboard; sourceTree = "<group>"; };
		4C9606FF2DC5717F0054D0FD /* ViewController.swift */ = {isa = PBXFileReference; lastKnownFileType = sourcecode.swift; path = ViewController.swift; sourceTree = "<group>"; };
		4C9607082DC571880054D0FD /* IdealistaChallengeTests.swift */ = {isa = PBXFileReference; lastKnownFileType = sourcecode.swift; path = IdealistaChallengeTests.swift; sourceTree = "<group>"; };
		4C96070B2DC5718B0054D0FD /* IdealistaChallengeUITests.swift */ = {isa = PBXFileReference; lastKnownFileType = sourcecode.swift; path = IdealistaChallengeUITests.swift; sourceTree = "<group>"; };
		4C96070C2DC5718B0054D0FD /* IdealistaChallengeUITestsLaunchTests.swift */ = {isa = PBXFileReference; lastKnownFileType = sourcecode.swift; path = IdealistaChallengeUITestsLaunchTests.swift; sourceTree = "<group>"; };
		4C96071B2DC57A7E0054D0FD /* NavigationController.swift */ = {isa = PBXFileReference; lastKnownFileType = sourcecode.swift; path = NavigationController.swift; sourceTree = "<group>"; };
		4C96071D2DC57AB80054D0FD /* InteractivePopGestureInterface.swift */ = {isa = PBXFileReference; lastKnownFileType = sourcecode.swift; path = InteractivePopGestureInterface.swift; sourceTree = "<group>"; };
		4C9607242DC57B3D0054D0FD /* ViewControllerRepresentable.swift */ = {isa = PBXFileReference; lastKnownFileType = sourcecode.swift; path = ViewControllerRepresentable.swift; sourceTree = "<group>"; };
		4C9607262DC57B630054D0FD /* ViewRepresentable.swift */ = {isa = PBXFileReference; lastKnownFileType = sourcecode.swift; path = ViewRepresentable.swift; sourceTree = "<group>"; };
		4C96072A2DC57DA50054D0FD /* LoadingIndicator.swift */ = {isa = PBXFileReference; lastKnownFileType = sourcecode.swift; path = LoadingIndicator.swift; sourceTree = "<group>"; };
		4C96072C2DC57DAB0054D0FD /* LoadingView.swift */ = {isa = PBXFileReference; lastKnownFileType = sourcecode.swift; path = LoadingView.swift; sourceTree = "<group>"; };
		4C96072F2DC57E170054D0FD /* UIView+Extensions.swift */ = {isa = PBXFileReference; lastKnownFileType = sourcecode.swift; path = "UIView+Extensions.swift"; sourceTree = "<group>"; };
		4C9607322DC57F9B0054D0FD /* PropertyStoring.swift */ = {isa = PBXFileReference; lastKnownFileType = sourcecode.swift; path = PropertyStoring.swift; sourceTree = "<group>"; };
		4C9607342DC5800A0054D0FD /* UIWindow+Extensions.swift */ = {isa = PBXFileReference; lastKnownFileType = sourcecode.swift; path = "UIWindow+Extensions.swift"; sourceTree = "<group>"; };
		4C96073C2DC583240054D0FD /* AdsInteractorInterface.swift */ = {isa = PBXFileReference; lastKnownFileType = sourcecode.swift; path = AdsInteractorInterface.swift; sourceTree = "<group>"; };
		4C96073E2DC583320054D0FD /* AdsRouter.swift */ = {isa = PBXFileReference; lastKnownFileType = sourcecode.swift; path = AdsRouter.swift; sourceTree = "<group>"; };
		4C9607402DC5835C0054D0FD /* AdsRouterInterface.swift */ = {isa = PBXFileReference; lastKnownFileType = sourcecode.swift; path = AdsRouterInterface.swift; sourceTree = "<group>"; };
		4C9607422DC583680054D0FD /* AdsInteractor.swift */ = {isa = PBXFileReference; lastKnownFileType = sourcecode.swift; path = AdsInteractor.swift; sourceTree = "<group>"; };
		4C9607442DC583740054D0FD /* AdsPresenterInterface.swift */ = {isa = PBXFileReference; lastKnownFileType = sourcecode.swift; path = AdsPresenterInterface.swift; sourceTree = "<group>"; };
		4C9607462DC5837F0054D0FD /* AdsPresenter.swift */ = {isa = PBXFileReference; lastKnownFileType = sourcecode.swift; path = AdsPresenter.swift; sourceTree = "<group>"; };
		4C9607482DC583900054D0FD /* AdsViewControllerInterface.swift */ = {isa = PBXFileReference; lastKnownFileType = sourcecode.swift; path = AdsViewControllerInterface.swift; sourceTree = "<group>"; };
		4C96074A2DC583970054D0FD /* AdsViewController.swift */ = {isa = PBXFileReference; lastKnownFileType = sourcecode.swift; path = AdsViewController.swift; sourceTree = "<group>"; };
		4C96074D2DC583F20054D0FD /* Router.swift */ = {isa = PBXFileReference; lastKnownFileType = sourcecode.swift; path = Router.swift; sourceTree = "<group>"; };
		4C9607512DC5852A0054D0FD /* CellRepresentable.swift */ = {isa = PBXFileReference; lastKnownFileType = sourcecode.swift; path = CellRepresentable.swift; sourceTree = "<group>"; };
		4C9607532DC5854C0054D0FD /* UITableView+Extension.swift */ = {isa = PBXFileReference; lastKnownFileType = sourcecode.swift; path = "UITableView+Extension.swift"; sourceTree = "<group>"; };
		4C9607552DC5863B0054D0FD /* ModuleTableView.swift */ = {isa = PBXFileReference; lastKnownFileType = sourcecode.swift; path = ModuleTableView.swift; sourceTree = "<group>"; };
		4C9607582DC587680054D0FD /* LoadingCellRepresentable.swift */ = {isa = PBXFileReference; lastKnownFileType = sourcecode.swift; path = LoadingCellRepresentable.swift; sourceTree = "<group>"; };
		4C96075A2DC5878C0054D0FD /* SelectableCellRepresentable.swift */ = {isa = PBXFileReference; lastKnownFileType = sourcecode.swift; path = SelectableCellRepresentable.swift; sourceTree = "<group>"; };
		4C96075D2DC7DFFD0054D0FD /* Presenter.swift */ = {isa = PBXFileReference; lastKnownFileType = sourcecode.swift; path = Presenter.swift; sourceTree = "<group>"; };
		4C9607602DC7E0230054D0FD /* Queueable.swift */ = {isa = PBXFileReference; lastKnownFileType = sourcecode.swift; path = Queueable.swift; sourceTree = "<group>"; };
		4C9607672DC7E6470054D0FD /* AdsApiSourceInterface.swift */ = {isa = PBXFileReference; lastKnownFileType = sourcecode.swift; path = AdsApiSourceInterface.swift; sourceTree = "<group>"; };
		4C9607692DC7E64E0054D0FD /* AdsApiSource.swift */ = {isa = PBXFileReference; lastKnownFileType = sourcecode.swift; path = AdsApiSource.swift; sourceTree = "<group>"; };
		4C96076B2DC7E65E0054D0FD /* AdApiMapper.swift */ = {isa = PBXFileReference; lastKnownFileType = sourcecode.swift; path = AdApiMapper.swift; sourceTree = "<group>"; };
		4C96076D2DC7E66A0054D0FD /* AdApiModel.swift */ = {isa = PBXFileReference; lastKnownFileType = sourcecode.swift; path = AdApiModel.swift; sourceTree = "<group>"; };
		4C9607702DC7EC680054D0FD /* PriceInfoApiModel.swift */ = {isa = PBXFileReference; lastKnownFileType = sourcecode.swift; path = PriceInfoApiModel.swift; sourceTree = "<group>"; };
		4C9607732DC7EC840054D0FD /* MultimediaApiModel.swift */ = {isa = PBXFileReference; lastKnownFileType = sourcecode.swift; path = MultimediaApiModel.swift; sourceTree = "<group>"; };
		4C9607762DC7ECB70054D0FD /* FeatureApiModel.swift */ = {isa = PBXFileReference; lastKnownFileType = sourcecode.swift; path = FeatureApiModel.swift; sourceTree = "<group>"; };
		4C9607792DC7ECD80054D0FD /* ParkingSpaceApiModel.swift */ = {isa = PBXFileReference; lastKnownFileType = sourcecode.swift; path = ParkingSpaceApiModel.swift; sourceTree = "<group>"; };
		4C96077C2DC7F08C0054D0FD /* OperationEnumApiModel.swift */ = {isa = PBXFileReference; lastKnownFileType = sourcecode.swift; path = OperationEnumApiModel.swift; sourceTree = "<group>"; };
		4C96077E2DC7F12F0054D0FD /* ImageApiModel.swift */ = {isa = PBXFileReference; lastKnownFileType = sourcecode.swift; path = ImageApiModel.swift; sourceTree = "<group>"; };
		4C9607802DC7F16A0054D0FD /* PriceApiModel.swift */ = {isa = PBXFileReference; lastKnownFileType = sourcecode.swift; path = PriceApiModel.swift; sourceTree = "<group>"; };
		4CC4406E2DCCFFD60097CFCD /* ServerURL.swift */ = {isa = PBXFileReference; lastKnownFileType = sourcecode.swift; path = ServerURL.swift; sourceTree = "<group>"; };
		4CC440742DCD00220097CFCD /* ApiConstants.swift */ = {isa = PBXFileReference; lastKnownFileType = sourcecode.swift; path = ApiConstants.swift; sourceTree = "<group>"; };
		4CC440792DCD007C0097CFCD /* EnvironmentRepresentable.swift */ = {isa = PBXFileReference; lastKnownFileType = sourcecode.swift; path = EnvironmentRepresentable.swift; sourceTree = "<group>"; };
		4CC4407B2DCD00840097CFCD /* Environment+Pro.swift */ = {isa = PBXFileReference; lastKnownFileType = sourcecode.swift; path = "Environment+Pro.swift"; sourceTree = "<group>"; };
		4CC4407D2DCD00930097CFCD /* EnvironmentManagerInterface.swift */ = {isa = PBXFileReference; lastKnownFileType = sourcecode.swift; path = EnvironmentManagerInterface.swift; sourceTree = "<group>"; };
		4CC4407F2DCD009B0097CFCD /* EnvironmentManager.swift */ = {isa = PBXFileReference; lastKnownFileType = sourcecode.swift; path = EnvironmentManager.swift; sourceTree = "<group>"; };
		4CC440842DCD037D0097CFCD /* ErrorApiModel.swift */ = {isa = PBXFileReference; lastKnownFileType = sourcecode.swift; path = ErrorApiModel.swift; sourceTree = "<group>"; };
		4CC440882DCD04000097CFCD /* HTTPStatusCode.swift */ = {isa = PBXFileReference; lastKnownFileType = sourcecode.swift; path = HTTPStatusCode.swift; sourceTree = "<group>"; };
		4CC4408B2DCD047A0097CFCD /* ApiDecoder.swift */ = {isa = PBXFileReference; lastKnownFileType = sourcecode.swift; path = ApiDecoder.swift; sourceTree = "<group>"; };
		4CC4408F2DCD070D0097CFCD /* APIPath.swift */ = {isa = PBXFileReference; lastKnownFileType = sourcecode.swift; path = APIPath.swift; sourceTree = "<group>"; };
		4CC4411C2DCD49980097CFCD /* ApiRequesterInterface.swift */ = {isa = PBXFileReference; lastKnownFileType = sourcecode.swift; path = ApiRequesterInterface.swift; sourceTree = "<group>"; };
		4CC4411E2DCD499F0097CFCD /* ApiRequester.swift */ = {isa = PBXFileReference; lastKnownFileType = sourcecode.swift; path = ApiRequester.swift; sourceTree = "<group>"; };
		4CC441212DCD4DB10097CFCD /* ApiSource.swift */ = {isa = PBXFileReference; lastKnownFileType = sourcecode.swift; path = ApiSource.swift; sourceTree = "<group>"; };
		4CC441232DCD52130097CFCD /* ApiClient.swift */ = {isa = PBXFileReference; lastKnownFileType = sourcecode.swift; path = ApiClient.swift; sourceTree = "<group>"; };
		4CC441252DCD57630097CFCD /* AdEntity.swift */ = {isa = PBXFileReference; lastKnownFileType = sourcecode.swift; path = AdEntity.swift; sourceTree = "<group>"; };
		4CC4412D2DCD57EF0097CFCD /* FeatureEntity.swift */ = {isa = PBXFileReference; lastKnownFileType = sourcecode.swift; path = FeatureEntity.swift; sourceTree = "<group>"; };
		4CC4412F2DCD58350097CFCD /* ImageEntity.swift */ = {isa = PBXFileReference; lastKnownFileType = sourcecode.swift; path = ImageEntity.swift; sourceTree = "<group>"; };
		4CC441312DCD58620097CFCD /* OperationEnumEntity.swift */ = {isa = PBXFileReference; lastKnownFileType = sourcecode.swift; path = OperationEnumEntity.swift; sourceTree = "<group>"; };
		4CC441332DCD587F0097CFCD /* ParkingSpaceEntity.swift */ = {isa = PBXFileReference; lastKnownFileType = sourcecode.swift; path = ParkingSpaceEntity.swift; sourceTree = "<group>"; };
		4CC441352DCD58B10097CFCD /* PriceEntity.swift */ = {isa = PBXFileReference; lastKnownFileType = sourcecode.swift; path = PriceEntity.swift; sourceTree = "<group>"; };
		4CC441392DCD63910097CFCD /* AdCellRepresentable.swift */ = {isa = PBXFileReference; lastKnownFileType = sourcecode.swift; path = AdCellRepresentable.swift; sourceTree = "<group>"; };
		4CC4413B2DCD63990097CFCD /* AdUiModel.swift */ = {isa = PBXFileReference; lastKnownFileType = sourcecode.swift; path = AdUiModel.swift; sourceTree = "<group>"; };
		4CC4413F2DCD665D0097CFCD /* AdTableViewCell.swift */ = {isa = PBXFileReference; lastKnownFileType = sourcecode.swift; path = AdTableViewCell.swift; sourceTree = "<group>"; };
		4CD5F90F2DD9FD4F00EEC495 /* DateFormatter+Extensions.swift */ = {isa = PBXFileReference; lastKnownFileType = sourcecode.swift; path = "DateFormatter+Extensions.swift"; sourceTree = "<group>"; };
		4CD5F9142DDA00DF00EEC495 /* Localizable.xcstrings */ = {isa = PBXFileReference; lastKnownFileType = text.json.xcstrings; path = Localizable.xcstrings; sourceTree = "<group>"; };
		4CE950012DD92F9300D98EF7 /* IdealistaFav.xcdatamodel */ = {isa = PBXFileReference; lastKnownFileType = wrapper.xcdatamodel; path = IdealistaFav.xcdatamodel; sourceTree = "<group>"; };
		4CE950032DD9303600D98EF7 /* AdFav+CoreDataClass.swift */ = {isa = PBXFileReference; lastKnownFileType = sourcecode.swift; path = "AdFav+CoreDataClass.swift"; sourceTree = "<group>"; };
		4CE950042DD9303600D98EF7 /* AdFav+CoreDataProperties.swift */ = {isa = PBXFileReference; lastKnownFileType = sourcecode.swift; path = "AdFav+CoreDataProperties.swift"; sourceTree = "<group>"; };
		4CE950092DD9335F00D98EF7 /* CoreDataStak.swift */ = {isa = PBXFileReference; lastKnownFileType = sourcecode.swift; path = CoreDataStak.swift; sourceTree = "<group>"; };
		4CE951172DD93BD700D98EF7 /* UIControl+Extension.swift */ = {isa = PBXFileReference; lastKnownFileType = sourcecode.swift; path = "UIControl+Extension.swift"; sourceTree = "<group>"; };
		4CE951192DD93F7D00D98EF7 /* AdsCoreDataInterface.swift */ = {isa = PBXFileReference; lastKnownFileType = sourcecode.swift; path = AdsCoreDataInterface.swift; sourceTree = "<group>"; };
		4CE9511B2DD93F8400D98EF7 /* AdsCoreData.swift */ = {isa = PBXFileReference; lastKnownFileType = sourcecode.swift; path = AdsCoreData.swift; sourceTree = "<group>"; };
/* End PBXFileReference section */

/* Begin PBXFrameworksBuildPhase section */
		4C96064F2DC56B3C0054D0FD /* Frameworks */ = {
			isa = PBXFrameworksBuildPhase;
			buildActionMask = 2147483647;
			files = (
			);
			runOnlyForDeploymentPostprocessing = 0;
		};
		4C9606652DC56B3E0054D0FD /* Frameworks */ = {
			isa = PBXFrameworksBuildPhase;
			buildActionMask = 2147483647;
			files = (
			);
			runOnlyForDeploymentPostprocessing = 0;
		};
		4C96066F2DC56B3E0054D0FD /* Frameworks */ = {
			isa = PBXFrameworksBuildPhase;
			buildActionMask = 2147483647;
			files = (
			);
			runOnlyForDeploymentPostprocessing = 0;
		};
/* End PBXFrameworksBuildPhase section */

/* Begin PBXGroup section */
		4C49000C2DCCA15000FBECD1 /* Interactor */ = {
			isa = PBXGroup;
			children = (
				4C49000D2DCCA16300FBECD1 /* Interactor.swift */,
			);
			path = Interactor;
			sourceTree = "<group>";
		};
		4C49FFDA2DC8138200FBECD1 /* Error */ = {
			isa = PBXGroup;
			children = (
				4C49FFDB2DC8138800FBECD1 /* ErrorEntity.swift */,
			);
			path = Error;
			sourceTree = "<group>";
		};
		4C79BAC92DD4D089006A1212 /* AdDetail */ = {
			isa = PBXGroup;
			children = (
				4C79BACA2DD4D0E4006A1212 /* View */,
				4C79BACE2DD4D0FE006A1212 /* Presenter */,
				4C79BACD2DD4D0F9006A1212 /* Interactor */,
				4C79BACC2DD4D0F2006A1212 /* Routing */,
				4C79BACB2DD4D0EB006A1212 /* DataSource */,
			);
			path = AdDetail;
			sourceTree = "<group>";
		};
		4C79BACA2DD4D0E4006A1212 /* View */ = {
			isa = PBXGroup;
			children = (
				4C79BAE32DD4D9B5006A1212 /* TableView */,
				4C79BACF2DD4D11E006A1212 /* AdDetailViewControllerInterface.swift */,
				4C79BAD12DD4D123006A1212 /* AdDetailViewController.swift */,
			);
			path = View;
			sourceTree = "<group>";
		};
		4C79BACB2DD4D0EB006A1212 /* DataSource */ = {
			isa = PBXGroup;
			children = (
				4C79BAEA2DD54A7A006A1212 /* Model */,
				4C79BAEB2DD54A7F006A1212 /* Mapper */,
				4C79BADF2DD4D173006A1212 /* AdDetailApiSourceInterface.swift */,
				4C79BAE12DD4D178006A1212 /* AdDetailApiSource.swift */,
			);
			path = DataSource;
			sourceTree = "<group>";
		};
		4C79BACC2DD4D0F2006A1212 /* Routing */ = {
			isa = PBXGroup;
			children = (
				4C79BADB2DD4D153006A1212 /* AdDetailRouterInterface.swift */,
				4C79BADD2DD4D158006A1212 /* AdDetailRouter.swift */,
			);
			path = Routing;
			sourceTree = "<group>";
		};
		4C79BACD2DD4D0F9006A1212 /* Interactor */ = {
			isa = PBXGroup;
			children = (
				4C79BAD72DD4D142006A1212 /* AdDetailInteractorInterface.swift */,
				4C79BAD92DD4D146006A1212 /* AdDetailInteractor.swift */,
			);
			path = Interactor;
			sourceTree = "<group>";
		};
		4C79BACE2DD4D0FE006A1212 /* Presenter */ = {
			isa = PBXGroup;
			children = (
				4C79BB072DD554A5006A1212 /* Model */,
				4C79BAD32DD4D130006A1212 /* AdDetailPresenterInterface.swift */,
				4C79BAD52DD4D133006A1212 /* AdDetailPresenter.swift */,
			);
			path = Presenter;
			sourceTree = "<group>";
		};
		4C79BAE32DD4D9B5006A1212 /* TableView */ = {
			isa = PBXGroup;
			children = (
				4C79BAE42DD4D9BB006A1212 /* Cells */,
			);
			path = TableView;
			sourceTree = "<group>";
		};
		4C79BAE42DD4D9BB006A1212 /* Cells */ = {
			isa = PBXGroup;
			children = (
				4C79BAE52DD4D9CA006A1212 /* AdDetailTableViewCell.swift */,
			);
			path = Cells;
			sourceTree = "<group>";
		};
		4C79BAE72DD54197006A1212 /* InfoView */ = {
			isa = PBXGroup;
			children = (
				4C79BAE82DD541A0006A1212 /* InfoView.swift */,
			);
			path = InfoView;
			sourceTree = "<group>";
		};
		4C79BAEA2DD54A7A006A1212 /* Model */ = {
			isa = PBXGroup;
			children = (
				4C79BAEC2DD54A8A006A1212 /* AdDetail */,
			);
			path = Model;
			sourceTree = "<group>";
		};
		4C79BAEB2DD54A7F006A1212 /* Mapper */ = {
			isa = PBXGroup;
			children = (
				4C79BAEF2DD54AA0006A1212 /* AdDetail */,
			);
			path = Mapper;
			sourceTree = "<group>";
		};
		4C79BAEC2DD54A8A006A1212 /* AdDetail */ = {
			isa = PBXGroup;
			children = (
				4C79BAF82DD54EB6006A1212 /* EnergyCertification */,
				4C79BAF62DD54E31006A1212 /* Characteristics */,
				4C79BAF72DD54E38006A1212 /* Ubication */,
				4C79BAED2DD54A95006A1212 /* AdDetailApiModel.swift */,
			);
			path = AdDetail;
			sourceTree = "<group>";
		};
		4C79BAEF2DD54AA0006A1212 /* AdDetail */ = {
			isa = PBXGroup;
			children = (
				4C79BAF02DD54AA9006A1212 /* AdDetailApiMapper.swift */,
			);
			path = AdDetail;
			sourceTree = "<group>";
		};
		4C79BAF62DD54E31006A1212 /* Characteristics */ = {
			isa = PBXGroup;
			children = (
				4C79BAF42DD54E24006A1212 /* CharacteristicsApiModel.swift */,
			);
			path = Characteristics;
			sourceTree = "<group>";
		};
		4C79BAF72DD54E38006A1212 /* Ubication */ = {
			isa = PBXGroup;
			children = (
				4C79BAF22DD54BF7006A1212 /* UbicationApiModel.swift */,
			);
			path = Ubication;
			sourceTree = "<group>";
		};
		4C79BAF82DD54EB6006A1212 /* EnergyCertification */ = {
			isa = PBXGroup;
			children = (
				4C79BAF92DD54EC3006A1212 /* EnergyCertificationApiModel.swift */,
			);
			path = EnergyCertification;
			sourceTree = "<group>";
		};
		4C79BAFB2DD55030006A1212 /* AdDetail */ = {
			isa = PBXGroup;
			children = (
				4C79BB042DD5506C006A1212 /* Characteristics */,
				4C79BB012DD55055006A1212 /* EnergyCertification */,
				4C79BAFE2DD55045006A1212 /* Ubication */,
				4C79BAFC2DD55039006A1212 /* AdDetailEntity.swift */,
			);
			path = AdDetail;
			sourceTree = "<group>";
		};
		4C79BAFE2DD55045006A1212 /* Ubication */ = {
			isa = PBXGroup;
			children = (
				4C79BAFF2DD55051006A1212 /* UbicationEntity.swift */,
			);
			path = Ubication;
			sourceTree = "<group>";
		};
		4C79BB012DD55055006A1212 /* EnergyCertification */ = {
			isa = PBXGroup;
			children = (
				4C79BB022DD55068006A1212 /* EnergyCertificationEntity.swift */,
			);
			path = EnergyCertification;
			sourceTree = "<group>";
		};
		4C79BB042DD5506C006A1212 /* Characteristics */ = {
			isa = PBXGroup;
			children = (
				4C79BB052DD55078006A1212 /* CharacteristicsEntity.swift */,
			);
			path = Characteristics;
			sourceTree = "<group>";
		};
		4C79BB072DD554A5006A1212 /* Model */ = {
			isa = PBXGroup;
			children = (
				4C79BB082DD554AE006A1212 /* AdDetail */,
			);
			path = Model;
			sourceTree = "<group>";
		};
		4C79BB082DD554AE006A1212 /* AdDetail */ = {
			isa = PBXGroup;
			children = (
				4C79BB0B2DD554C3006A1212 /* AdDetailCellRepresentable.swift */,
				4C79BB092DD554BA006A1212 /* AdDetailUiModel.swift */,
			);
			path = AdDetail;
			sourceTree = "<group>";
		};
		4C9606492DC56B3C0054D0FD = {
			isa = PBXGroup;
			children = (
				4C9607002DC5717F0054D0FD /* IdealistaChallenge */,
				4C9607092DC571880054D0FD /* IdealistaChallengeTests */,
				4C96070D2DC5718B0054D0FD /* IdealistaChallengeUITests */,
				4C9606532DC56B3C0054D0FD /* Products */,
			);
			sourceTree = "<group>";
		};
		4C9606532DC56B3C0054D0FD /* Products */ = {
			isa = PBXGroup;
			children = (
				4C9606522DC56B3C0054D0FD /* IdealistaChallenge.app */,
				4C9606682DC56B3E0054D0FD /* IdealistaChallengeTests.xctest */,
				4C9606722DC56B3E0054D0FD /* IdealistaChallengeUITests.xctest */,
			);
			name = Products;
			sourceTree = "<group>";
		};
		4C9607002DC5717F0054D0FD /* IdealistaChallenge */ = {
			isa = PBXGroup;
			children = (
				4C9607102DC5718F0054D0FD /* AppDelegate */,
				4C9607112DC5719A0054D0FD /* Commons */,
				4C9607122DC5719F0054D0FD /* Modules */,
				4C9607132DC571A40054D0FD /* Entity */,
				4C9607142DC571B30054D0FD /* CoreComponents */,
				4C9607152DC571BF0054D0FD /* Resources */,
				4C9607162DC571C80054D0FD /* Info */,
				4C9606FF2DC5717F0054D0FD /* ViewController.swift */,
			);
			path = IdealistaChallenge;
			sourceTree = "<group>";
		};
		4C9607092DC571880054D0FD /* IdealistaChallengeTests */ = {
			isa = PBXGroup;
			children = (
				4C9607082DC571880054D0FD /* IdealistaChallengeTests.swift */,
			);
			path = IdealistaChallengeTests;
			sourceTree = "<group>";
		};
		4C96070D2DC5718B0054D0FD /* IdealistaChallengeUITests */ = {
			isa = PBXGroup;
			children = (
				4C96070B2DC5718B0054D0FD /* IdealistaChallengeUITests.swift */,
				4C96070C2DC5718B0054D0FD /* IdealistaChallengeUITestsLaunchTests.swift */,
			);
			path = IdealistaChallengeUITests;
			sourceTree = "<group>";
		};
		4C9607102DC5718F0054D0FD /* AppDelegate */ = {
			isa = PBXGroup;
			children = (
				4C9606F72DC5717F0054D0FD /* AppDelegate.swift */,
			);
			path = AppDelegate;
			sourceTree = "<group>";
		};
		4C9607112DC5719A0054D0FD /* Commons */ = {
			isa = PBXGroup;
			children = (
				4C96071F2DC57B110054D0FD /* Abstractions */,
				4C9607192DC57A5D0054D0FD /* Categories */,
				4C9607282DC57D850054D0FD /* CustomViews */,
				4C96072E2DC57E0C0054D0FD /* Extensions */,
			);
			path = Commons;
			sourceTree = "<group>";
		};
		4C9607122DC5719F0054D0FD /* Modules */ = {
			isa = PBXGroup;
			children = (
				4C9607362DC5827B0054D0FD /* Ads */,
				4C79BAC92DD4D089006A1212 /* AdDetail */,
			);
			path = Modules;
			sourceTree = "<group>";
		};
		4C9607132DC571A40054D0FD /* Entity */ = {
			isa = PBXGroup;
			children = (
				4C79BAFB2DD55030006A1212 /* AdDetail */,
				4CC441282DCD578A0097CFCD /* Ad */,
				4C49FFDA2DC8138200FBECD1 /* Error */,
			);
			path = Entity;
			sourceTree = "<group>";
		};
		4C9607142DC571B30054D0FD /* CoreComponents */ = {
			isa = PBXGroup;
			children = (
				4CC440762DCD005D0097CFCD /* EnvironmentManager */,
				4CC4406D2DCCFFCD0097CFCD /* ApiRequester */,
			);
			path = CoreComponents;
			sourceTree = "<group>";
		};
		4C9607152DC571BF0054D0FD /* Resources */ = {
			isa = PBXGroup;
			children = (
				4CD5F9112DDA008000EEC495 /* Localization */,
				4C9607182DC572240054D0FD /* LaunchScreen */,
				4C9607172DC572170054D0FD /* Assets */,
			);
			path = Resources;
			sourceTree = "<group>";
		};
		4C9607162DC571C80054D0FD /* Info */ = {
			isa = PBXGroup;
			children = (
				4C9606F92DC5717F0054D0FD /* Info.plist */,
			);
			path = Info;
			sourceTree = "<group>";
		};
		4C9607172DC572170054D0FD /* Assets */ = {
			isa = PBXGroup;
			children = (
				4C9606F82DC5717F0054D0FD /* Assets.xcassets */,
			);
			path = Assets;
			sourceTree = "<group>";
		};
		4C9607182DC572240054D0FD /* LaunchScreen */ = {
			isa = PBXGroup;
			children = (
				4C9606FB2DC5717F0054D0FD /* LaunchScreen.storyboard */,
			);
			path = LaunchScreen;
			sourceTree = "<group>";
		};
		4C9607192DC57A5D0054D0FD /* Categories */ = {
			isa = PBXGroup;
			children = (
				4C96071A2DC57A640054D0FD /* UINavigationController */,
			);
			path = Categories;
			sourceTree = "<group>";
		};
		4C96071A2DC57A640054D0FD /* UINavigationController */ = {
			isa = PBXGroup;
			children = (
				4C96071B2DC57A7E0054D0FD /* NavigationController.swift */,
				4C96071D2DC57AB80054D0FD /* InteractivePopGestureInterface.swift */,
			);
			path = UINavigationController;
			sourceTree = "<group>";
		};
		4C96071F2DC57B110054D0FD /* Abstractions */ = {
			isa = PBXGroup;
			children = (
				4CE950072DD9333200D98EF7 /* CoreData */,
				4C9607202DC57B1D0054D0FD /* Core */,
			);
			path = Abstractions;
			sourceTree = "<group>";
		};
		4C9607202DC57B1D0054D0FD /* Core */ = {
			isa = PBXGroup;
			children = (
				4C9607212DC57B230054D0FD /* Module */,
				4C9607312DC57F810054D0FD /* PropertyStoring */,
				4C96075F2DC7E0190054D0FD /* Queue */,
			);
			path = Core;
			sourceTree = "<group>";
		};
		4C9607212DC57B230054D0FD /* Module */ = {
			isa = PBXGroup;
			children = (
				4C9607222DC57B2A0054D0FD /* View */,
				4C96075C2DC7DFF40054D0FD /* Presenter */,
				4C49000C2DCCA15000FBECD1 /* Interactor */,
				4C96074C2DC583EB0054D0FD /* Routing */,
				4CC441202DCD4DA20097CFCD /* Data */,
			);
			path = Module;
			sourceTree = "<group>";
		};
		4C9607222DC57B2A0054D0FD /* View */ = {
			isa = PBXGroup;
			children = (
				4C9607232DC57B2F0054D0FD /* ViewController */,
				4C9607262DC57B630054D0FD /* ViewRepresentable.swift */,
			);
			path = View;
			sourceTree = "<group>";
		};
		4C9607232DC57B2F0054D0FD /* ViewController */ = {
			isa = PBXGroup;
			children = (
				4C9607242DC57B3D0054D0FD /* ViewControllerRepresentable.swift */,
			);
			path = ViewController;
			sourceTree = "<group>";
		};
		4C9607282DC57D850054D0FD /* CustomViews */ = {
			isa = PBXGroup;
			children = (
				4C79BAE72DD54197006A1212 /* InfoView */,
				4C96074F2DC585170054D0FD /* ModuleTableView */,
				4C9607292DC57D920054D0FD /* LoadingView */,
			);
			path = CustomViews;
			sourceTree = "<group>";
		};
		4C9607292DC57D920054D0FD /* LoadingView */ = {
			isa = PBXGroup;
			children = (
				4C96072A2DC57DA50054D0FD /* LoadingIndicator.swift */,
				4C96072C2DC57DAB0054D0FD /* LoadingView.swift */,
			);
			path = LoadingView;
			sourceTree = "<group>";
		};
		4C96072E2DC57E0C0054D0FD /* Extensions */ = {
			isa = PBXGroup;
			children = (
				4CE951172DD93BD700D98EF7 /* UIControl+Extension.swift */,
				4C79BB0D2DD55CFA006A1212 /* UIImage+Extensions.swift */,
				4C9607532DC5854C0054D0FD /* UITableView+Extension.swift */,
				4C96072F2DC57E170054D0FD /* UIView+Extensions.swift */,
				4C9607342DC5800A0054D0FD /* UIWindow+Extensions.swift */,
				4CD5F90F2DD9FD4F00EEC495 /* DateFormatter+Extensions.swift */,
			);
			path = Extensions;
			sourceTree = "<group>";
		};
		4C9607312DC57F810054D0FD /* PropertyStoring */ = {
			isa = PBXGroup;
			children = (
				4C9607322DC57F9B0054D0FD /* PropertyStoring.swift */,
			);
			path = PropertyStoring;
			sourceTree = "<group>";
		};
		4C9607362DC5827B0054D0FD /* Ads */ = {
			isa = PBXGroup;
			children = (
				4C9607372DC582900054D0FD /* View */,
				4C9607382DC582950054D0FD /* Presenter */,
				4C9607392DC582A00054D0FD /* Interactor */,
				4C96073A2DC582A90054D0FD /* Routing */,
				4C96073B2DC582B10054D0FD /* DataSource */,
			);
			path = Ads;
			sourceTree = "<group>";
		};
		4C9607372DC582900054D0FD /* View */ = {
			isa = PBXGroup;
			children = (
				4CC4413D2DCD66410097CFCD /* TableView */,
				4C9607482DC583900054D0FD /* AdsViewControllerInterface.swift */,
				4C96074A2DC583970054D0FD /* AdsViewController.swift */,
			);
			path = View;
			sourceTree = "<group>";
		};
		4C9607382DC582950054D0FD /* Presenter */ = {
			isa = PBXGroup;
			children = (
				4CC441372DCD63730097CFCD /* Model */,
				4C9607442DC583740054D0FD /* AdsPresenterInterface.swift */,
				4C9607462DC5837F0054D0FD /* AdsPresenter.swift */,
			);
			path = Presenter;
			sourceTree = "<group>";
		};
		4C9607392DC582A00054D0FD /* Interactor */ = {
			isa = PBXGroup;
			children = (
				4C96073C2DC583240054D0FD /* AdsInteractorInterface.swift */,
				4C9607422DC583680054D0FD /* AdsInteractor.swift */,
			);
			path = Interactor;
			sourceTree = "<group>";
		};
		4C96073A2DC582A90054D0FD /* Routing */ = {
			isa = PBXGroup;
			children = (
				4C9607402DC5835C0054D0FD /* AdsRouterInterface.swift */,
				4C96073E2DC583320054D0FD /* AdsRouter.swift */,
			);
			path = Routing;
			sourceTree = "<group>";
		};
		4C96073B2DC582B10054D0FD /* DataSource */ = {
			isa = PBXGroup;
			children = (
				4CE94FFF2DD92DE100D98EF7 /* CoreData */,
				4CE94FFD2DD92DCA00D98EF7 /* ApiSource */,
			);
			path = DataSource;
			sourceTree = "<group>";
		};
		4C96074C2DC583EB0054D0FD /* Routing */ = {
			isa = PBXGroup;
			children = (
				4C96074D2DC583F20054D0FD /* Router.swift */,
			);
			path = Routing;
			sourceTree = "<group>";
		};
		4C96074F2DC585170054D0FD /* ModuleTableView */ = {
			isa = PBXGroup;
			children = (
				4C9607572DC5870C0054D0FD /* Cells */,
				4C9607502DC585220054D0FD /* Model */,
				4C9607552DC5863B0054D0FD /* ModuleTableView.swift */,
			);
			path = ModuleTableView;
			sourceTree = "<group>";
		};
		4C9607502DC585220054D0FD /* Model */ = {
			isa = PBXGroup;
			children = (
				4C9607512DC5852A0054D0FD /* CellRepresentable.swift */,
				4C9607582DC587680054D0FD /* LoadingCellRepresentable.swift */,
				4C96075A2DC5878C0054D0FD /* SelectableCellRepresentable.swift */,
			);
			path = Model;
			sourceTree = "<group>";
		};
		4C9607572DC5870C0054D0FD /* Cells */ = {
			isa = PBXGroup;
			children = (
			);
			path = Cells;
			sourceTree = "<group>";
		};
		4C96075C2DC7DFF40054D0FD /* Presenter */ = {
			isa = PBXGroup;
			children = (
				4C96075D2DC7DFFD0054D0FD /* Presenter.swift */,
			);
			path = Presenter;
			sourceTree = "<group>";
		};
		4C96075F2DC7E0190054D0FD /* Queue */ = {
			isa = PBXGroup;
			children = (
				4C9607602DC7E0230054D0FD /* Queueable.swift */,
			);
			path = Queue;
			sourceTree = "<group>";
		};
		4C9607622DC7E6020054D0FD /* Model */ = {
			isa = PBXGroup;
			children = (
				4C9607632DC7E6170054D0FD /* Ad */,
			);
			path = Model;
			sourceTree = "<group>";
		};
		4C9607632DC7E6170054D0FD /* Ad */ = {
			isa = PBXGroup;
			children = (
				4C9607752DC7ECAE0054D0FD /* Feature */,
				4C9607722DC7EC7D0054D0FD /* Multimedia */,
				4C96077B2DC7F0420054D0FD /* Operation */,
				4C9607782DC7ECBD0054D0FD /* ParkingSpace */,
				4C96076F2DC7EC630054D0FD /* Price */,
				4C96076D2DC7E66A0054D0FD /* AdApiModel.swift */,
			);
			path = Ad;
			sourceTree = "<group>";
		};
		4C9607642DC7E6230054D0FD /* Mapper */ = {
			isa = PBXGroup;
			children = (
				4C9607652DC7E6320054D0FD /* Ad */,
			);
			path = Mapper;
			sourceTree = "<group>";
		};
		4C9607652DC7E6320054D0FD /* Ad */ = {
			isa = PBXGroup;
			children = (
				4C96076B2DC7E65E0054D0FD /* AdApiMapper.swift */,
			);
			path = Ad;
			sourceTree = "<group>";
		};
		4C96076F2DC7EC630054D0FD /* Price */ = {
			isa = PBXGroup;
			children = (
				4C9607702DC7EC680054D0FD /* PriceInfoApiModel.swift */,
				4C9607802DC7F16A0054D0FD /* PriceApiModel.swift */,
			);
			path = Price;
			sourceTree = "<group>";
		};
		4C9607722DC7EC7D0054D0FD /* Multimedia */ = {
			isa = PBXGroup;
			children = (
				4C9607732DC7EC840054D0FD /* MultimediaApiModel.swift */,
				4C96077E2DC7F12F0054D0FD /* ImageApiModel.swift */,
			);
			path = Multimedia;
			sourceTree = "<group>";
		};
		4C9607752DC7ECAE0054D0FD /* Feature */ = {
			isa = PBXGroup;
			children = (
				4C9607762DC7ECB70054D0FD /* FeatureApiModel.swift */,
			);
			path = Feature;
			sourceTree = "<group>";
		};
		4C9607782DC7ECBD0054D0FD /* ParkingSpace */ = {
			isa = PBXGroup;
			children = (
				4C9607792DC7ECD80054D0FD /* ParkingSpaceApiModel.swift */,
			);
			path = ParkingSpace;
			sourceTree = "<group>";
		};
		4C96077B2DC7F0420054D0FD /* Operation */ = {
			isa = PBXGroup;
			children = (
				4C96077C2DC7F08C0054D0FD /* OperationEnumApiModel.swift */,
			);
			path = Operation;
			sourceTree = "<group>";
		};
		4CC4406D2DCCFFCD0097CFCD /* ApiRequester */ = {
			isa = PBXGroup;
			children = (
				4CC440812DCD03600097CFCD /* Model */,
				4CC440702DCCFFF10097CFCD /* Client  */,
				4CC4411C2DCD49980097CFCD /* ApiRequesterInterface.swift */,
				4CC4411E2DCD499F0097CFCD /* ApiRequester.swift */,
			);
			path = ApiRequester;
			sourceTree = "<group>";
		};
		4CC440702DCCFFF10097CFCD /* Client  */ = {
			isa = PBXGroup;
			children = (
				4CC4408A2DCD046C0097CFCD /* Decoder */,
				4CC440732DCD00160097CFCD /* Constants */,
				4CC440712DCCFFF90097CFCD /* Call */,
				4CC441232DCD52130097CFCD /* ApiClient.swift */,
			);
			path = "Client ";
			sourceTree = "<group>";
		};
		4CC440712DCCFFF90097CFCD /* Call */ = {
			isa = PBXGroup;
			children = (
				4CC440862DCD03F00097CFCD /* Response */,
				4CC440722DCD00080097CFCD /* ServerURL */,
				4CC4408F2DCD070D0097CFCD /* APIPath.swift */,
			);
			path = Call;
			sourceTree = "<group>";
		};
		4CC440722DCD00080097CFCD /* ServerURL */ = {
			isa = PBXGroup;
			children = (
				4CC4406E2DCCFFD60097CFCD /* ServerURL.swift */,
			);
			path = ServerURL;
			sourceTree = "<group>";
		};
		4CC440732DCD00160097CFCD /* Constants */ = {
			isa = PBXGroup;
			children = (
				4CC440742DCD00220097CFCD /* ApiConstants.swift */,
			);
			path = Constants;
			sourceTree = "<group>";
		};
		4CC440762DCD005D0097CFCD /* EnvironmentManager */ = {
			isa = PBXGroup;
			children = (
				4CC440772DCD00650097CFCD /* Environments */,
				4CC4407D2DCD00930097CFCD /* EnvironmentManagerInterface.swift */,
				4CC4407F2DCD009B0097CFCD /* EnvironmentManager.swift */,
			);
			path = EnvironmentManager;
			sourceTree = "<group>";
		};
		4CC440772DCD00650097CFCD /* Environments */ = {
			isa = PBXGroup;
			children = (
				4CC440782DCD00700097CFCD /* Base */,
				4CC4407B2DCD00840097CFCD /* Environment+Pro.swift */,
			);
			path = Environments;
			sourceTree = "<group>";
		};
		4CC440782DCD00700097CFCD /* Base */ = {
			isa = PBXGroup;
			children = (
				4CC440792DCD007C0097CFCD /* EnvironmentRepresentable.swift */,
			);
			path = Base;
			sourceTree = "<group>";
		};
		4CC440812DCD03600097CFCD /* Model */ = {
			isa = PBXGroup;
			children = (
				4CC440832DCD03730097CFCD /* Error */,
			);
			path = Model;
			sourceTree = "<group>";
		};
		4CC440832DCD03730097CFCD /* Error */ = {
			isa = PBXGroup;
			children = (
				4CC440842DCD037D0097CFCD /* ErrorApiModel.swift */,
			);
			path = Error;
			sourceTree = "<group>";
		};
		4CC440862DCD03F00097CFCD /* Response */ = {
			isa = PBXGroup;
			children = (
				4CC440872DCD03F70097CFCD /* StatusCode */,
			);
			path = Response;
			sourceTree = "<group>";
		};
		4CC440872DCD03F70097CFCD /* StatusCode */ = {
			isa = PBXGroup;
			children = (
				4CC440882DCD04000097CFCD /* HTTPStatusCode.swift */,
			);
			path = StatusCode;
			sourceTree = "<group>";
		};
		4CC4408A2DCD046C0097CFCD /* Decoder */ = {
			isa = PBXGroup;
			children = (
				4CC4408B2DCD047A0097CFCD /* ApiDecoder.swift */,
			);
			path = Decoder;
			sourceTree = "<group>";
		};
		4CC441202DCD4DA20097CFCD /* Data */ = {
			isa = PBXGroup;
			children = (
				4CC441212DCD4DB10097CFCD /* ApiSource.swift */,
			);
			path = Data;
			sourceTree = "<group>";
		};
		4CC441272DCD57840097CFCD /* Operation */ = {
			isa = PBXGroup;
			children = (
				4CC441312DCD58620097CFCD /* OperationEnumEntity.swift */,
			);
			path = Operation;
			sourceTree = "<group>";
		};
		4CC441282DCD578A0097CFCD /* Ad */ = {
			isa = PBXGroup;
			children = (
				4CC441292DCD579E0097CFCD /* Feature */,
				4CC4412A2DCD57A40097CFCD /* Multimedia */,
				4CC441272DCD57840097CFCD /* Operation */,
				4CC4412B2DCD57AA0097CFCD /* ParkingSpace */,
				4CC4412C2DCD57B30097CFCD /* Price */,
				4CC441252DCD57630097CFCD /* AdEntity.swift */,
			);
			path = Ad;
			sourceTree = "<group>";
		};
		4CC441292DCD579E0097CFCD /* Feature */ = {
			isa = PBXGroup;
			children = (
				4CC4412D2DCD57EF0097CFCD /* FeatureEntity.swift */,
			);
			path = Feature;
			sourceTree = "<group>";
		};
		4CC4412A2DCD57A40097CFCD /* Multimedia */ = {
			isa = PBXGroup;
			children = (
				4CC4412F2DCD58350097CFCD /* ImageEntity.swift */,
			);
			path = Multimedia;
			sourceTree = "<group>";
		};
		4CC4412B2DCD57AA0097CFCD /* ParkingSpace */ = {
			isa = PBXGroup;
			children = (
				4CC441332DCD587F0097CFCD /* ParkingSpaceEntity.swift */,
			);
			path = ParkingSpace;
			sourceTree = "<group>";
		};
		4CC4412C2DCD57B30097CFCD /* Price */ = {
			isa = PBXGroup;
			children = (
				4CC441352DCD58B10097CFCD /* PriceEntity.swift */,
			);
			path = Price;
			sourceTree = "<group>";
		};
		4CC441372DCD63730097CFCD /* Model */ = {
			isa = PBXGroup;
			children = (
				4CC441382DCD637A0097CFCD /* Ad */,
			);
			path = Model;
			sourceTree = "<group>";
		};
		4CC441382DCD637A0097CFCD /* Ad */ = {
			isa = PBXGroup;
			children = (
				4CC441392DCD63910097CFCD /* AdCellRepresentable.swift */,
				4CC4413B2DCD63990097CFCD /* AdUiModel.swift */,
			);
			path = Ad;
			sourceTree = "<group>";
		};
		4CC4413D2DCD66410097CFCD /* TableView */ = {
			isa = PBXGroup;
			children = (
				4CC4413E2DCD664B0097CFCD /* Cells */,
			);
			path = TableView;
			sourceTree = "<group>";
		};
		4CC4413E2DCD664B0097CFCD /* Cells */ = {
			isa = PBXGroup;
			children = (
				4CC4413F2DCD665D0097CFCD /* AdTableViewCell.swift */,
			);
			path = Cells;
			sourceTree = "<group>";
		};
		4CD5F9112DDA008000EEC495 /* Localization */ = {
			isa = PBXGroup;
			children = (
				4CD5F9142DDA00DF00EEC495 /* Localizable.xcstrings */,
			);
			path = Localization;
			sourceTree = "<group>";
		};
		4CE94FFD2DD92DCA00D98EF7 /* ApiSource */ = {
			isa = PBXGroup;
			children = (
				4C9607622DC7E6020054D0FD /* Model */,
				4C9607642DC7E6230054D0FD /* Mapper */,
				4C9607672DC7E6470054D0FD /* AdsApiSourceInterface.swift */,
				4C9607692DC7E64E0054D0FD /* AdsApiSource.swift */,
			);
			path = ApiSource;
			sourceTree = "<group>";
		};
		4CE94FFF2DD92DE100D98EF7 /* CoreData */ = {
			isa = PBXGroup;
			children = (
				4CE951192DD93F7D00D98EF7 /* AdsCoreDataInterface.swift */,
				4CE9511B2DD93F8400D98EF7 /* AdsCoreData.swift */,
			);
			path = CoreData;
			sourceTree = "<group>";
		};
		4CE950072DD9333200D98EF7 /* CoreData */ = {
			isa = PBXGroup;
			children = (
				4CE950002DD92F9300D98EF7 /* IdealistaFav.xcdatamodeld */,
				4CE950032DD9303600D98EF7 /* AdFav+CoreDataClass.swift */,
				4CE950042DD9303600D98EF7 /* AdFav+CoreDataProperties.swift */,
				4CE950092DD9335F00D98EF7 /* CoreDataStak.swift */,
			);
			path = CoreData;
			sourceTree = "<group>";
		};
/* End PBXGroup section */

/* Begin PBXNativeTarget section */
		4C9606512DC56B3C0054D0FD /* IdealistaChallenge */ = {
			isa = PBXNativeTarget;
			buildConfigurationList = 4C96067B2DC56B3E0054D0FD /* Build configuration list for PBXNativeTarget "IdealistaChallenge" */;
			buildPhases = (
				4C96064E2DC56B3C0054D0FD /* Sources */,
				4C96064F2DC56B3C0054D0FD /* Frameworks */,
				4C9606502DC56B3C0054D0FD /* Resources */,
			);
			buildRules = (
			);
			dependencies = (
			);
			name = IdealistaChallenge;
			productName = IdealistaChallenge;
			productReference = 4C9606522DC56B3C0054D0FD /* IdealistaChallenge.app */;
			productType = "com.apple.product-type.application";
		};
		4C9606672DC56B3E0054D0FD /* IdealistaChallengeTests */ = {
			isa = PBXNativeTarget;
			buildConfigurationList = 4C9606802DC56B3E0054D0FD /* Build configuration list for PBXNativeTarget "IdealistaChallengeTests" */;
			buildPhases = (
				4C9606642DC56B3E0054D0FD /* Sources */,
				4C9606652DC56B3E0054D0FD /* Frameworks */,
				4C9606662DC56B3E0054D0FD /* Resources */,
			);
			buildRules = (
			);
			dependencies = (
				4C96066A2DC56B3E0054D0FD /* PBXTargetDependency */,
			);
			name = IdealistaChallengeTests;
			productName = IdealistaChallengeTests;
			productReference = 4C9606682DC56B3E0054D0FD /* IdealistaChallengeTests.xctest */;
			productType = "com.apple.product-type.bundle.unit-test";
		};
		4C9606712DC56B3E0054D0FD /* IdealistaChallengeUITests */ = {
			isa = PBXNativeTarget;
			buildConfigurationList = 4C9606832DC56B3E0054D0FD /* Build configuration list for PBXNativeTarget "IdealistaChallengeUITests" */;
			buildPhases = (
				4C96066E2DC56B3E0054D0FD /* Sources */,
				4C96066F2DC56B3E0054D0FD /* Frameworks */,
				4C9606702DC56B3E0054D0FD /* Resources */,
			);
			buildRules = (
			);
			dependencies = (
				4C9606742DC56B3E0054D0FD /* PBXTargetDependency */,
			);
			name = IdealistaChallengeUITests;
			productName = IdealistaChallengeUITests;
			productReference = 4C9606722DC56B3E0054D0FD /* IdealistaChallengeUITests.xctest */;
			productType = "com.apple.product-type.bundle.ui-testing";
		};
/* End PBXNativeTarget section */

/* Begin PBXProject section */
		4C96064A2DC56B3C0054D0FD /* Project object */ = {
			isa = PBXProject;
			attributes = {
				BuildIndependentTargetsInParallel = 1;
				LastSwiftUpdateCheck = 1630;
				LastUpgradeCheck = 1630;
				TargetAttributes = {
					4C9606512DC56B3C0054D0FD = {
						CreatedOnToolsVersion = 16.3;
					};
					4C9606672DC56B3E0054D0FD = {
						CreatedOnToolsVersion = 16.3;
						TestTargetID = 4C9606512DC56B3C0054D0FD;
					};
					4C9606712DC56B3E0054D0FD = {
						CreatedOnToolsVersion = 16.3;
						TestTargetID = 4C9606512DC56B3C0054D0FD;
					};
				};
			};
			buildConfigurationList = 4C96064D2DC56B3C0054D0FD /* Build configuration list for PBXProject "IdealistaChallenge" */;
			developmentRegion = en;
			hasScannedForEncodings = 0;
			knownRegions = (
				en,
				Base,
				es,
			);
			mainGroup = 4C9606492DC56B3C0054D0FD;
			minimizedProjectReferenceProxies = 1;
			preferredProjectObjectVersion = 77;
			productRefGroup = 4C9606532DC56B3C0054D0FD /* Products */;
			projectDirPath = "";
			projectRoot = "";
			targets = (
				4C9606512DC56B3C0054D0FD /* IdealistaChallenge */,
				4C9606672DC56B3E0054D0FD /* IdealistaChallengeTests */,
				4C9606712DC56B3E0054D0FD /* IdealistaChallengeUITests */,
			);
		};
/* End PBXProject section */

/* Begin PBXResourcesBuildPhase section */
		4C9606502DC56B3C0054D0FD /* Resources */ = {
			isa = PBXResourcesBuildPhase;
			buildActionMask = 2147483647;
			files = (
				4C9607042DC5717F0054D0FD /* Assets.xcassets in Resources */,
				4C9607062DC5717F0054D0FD /* LaunchScreen.storyboard in Resources */,
				4CD5F9152DDA00DF00EEC495 /* Localizable.xcstrings in Resources */,
			);
			runOnlyForDeploymentPostprocessing = 0;
		};
		4C9606662DC56B3E0054D0FD /* Resources */ = {
			isa = PBXResourcesBuildPhase;
			buildActionMask = 2147483647;
			files = (
			);
			runOnlyForDeploymentPostprocessing = 0;
		};
		4C9606702DC56B3E0054D0FD /* Resources */ = {
			isa = PBXResourcesBuildPhase;
			buildActionMask = 2147483647;
			files = (
			);
			runOnlyForDeploymentPostprocessing = 0;
		};
/* End PBXResourcesBuildPhase section */

/* Begin PBXSourcesBuildPhase section */
		4C96064E2DC56B3C0054D0FD /* Sources */ = {
			isa = PBXSourcesBuildPhase;
			buildActionMask = 2147483647;
			files = (
				4C9607562DC5863B0054D0FD /* ModuleTableView.swift in Sources */,
				4C96071E2DC57AB80054D0FD /* InteractivePopGestureInterface.swift in Sources */,
				4C96075B2DC5878C0054D0FD /* SelectableCellRepresentable.swift in Sources */,
				4C79BAE62DD4D9CA006A1212 /* AdDetailTableViewCell.swift in Sources */,
				4CC4406F2DCCFFD60097CFCD /* ServerURL.swift in Sources */,
				4C79BAF12DD54AA9006A1212 /* AdDetailApiMapper.swift in Sources */,
				4CE950022DD92F9300D98EF7 /* IdealistaFav.xcdatamodeld in Sources */,
				4C96073F2DC583320054D0FD /* AdsRouter.swift in Sources */,
				4C49000E2DCCA16300FBECD1 /* Interactor.swift in Sources */,
				4CC441402DCD665D0097CFCD /* AdTableViewCell.swift in Sources */,
				4C9607592DC587680054D0FD /* LoadingCellRepresentable.swift in Sources */,
				4C79BAD02DD4D11E006A1212 /* AdDetailViewControllerInterface.swift in Sources */,
				4C9607012DC5717F0054D0FD /* AppDelegate.swift in Sources */,
				4C9607352DC5800A0054D0FD /* UIWindow+Extensions.swift in Sources */,
				4C79BAFD2DD55039006A1212 /* AdDetailEntity.swift in Sources */,
				4CC441322DCD58620097CFCD /* OperationEnumEntity.swift in Sources */,
				4C9607492DC583900054D0FD /* AdsViewControllerInterface.swift in Sources */,
				4CC440902DCD070D0097CFCD /* APIPath.swift in Sources */,
				4C79BAE02DD4D173006A1212 /* AdDetailApiSourceInterface.swift in Sources */,
				4CE9511C2DD93F8400D98EF7 /* AdsCoreData.swift in Sources */,
				4C96077A2DC7ECD80054D0FD /* ParkingSpaceApiModel.swift in Sources */,
				4CC440802DCD009B0097CFCD /* EnvironmentManager.swift in Sources */,
				4C96074B2DC583970054D0FD /* AdsViewController.swift in Sources */,
				4C9607252DC57B3D0054D0FD /* ViewControllerRepresentable.swift in Sources */,
				4C96075E2DC7DFFD0054D0FD /* Presenter.swift in Sources */,
				4CC440752DCD00220097CFCD /* ApiConstants.swift in Sources */,
				4CC441342DCD587F0097CFCD /* ParkingSpaceEntity.swift in Sources */,
				4C79BADE2DD4D158006A1212 /* AdDetailRouter.swift in Sources */,
				4C9607612DC7E0230054D0FD /* Queueable.swift in Sources */,
				4CC440852DCD037D0097CFCD /* ErrorApiModel.swift in Sources */,
				4C79BAF52DD54E24006A1212 /* CharacteristicsApiModel.swift in Sources */,
				4C96076A2DC7E64E0054D0FD /* AdsApiSource.swift in Sources */,
				4C96076E2DC7E66A0054D0FD /* AdApiModel.swift in Sources */,
				4C79BB062DD55078006A1212 /* CharacteristicsEntity.swift in Sources */,
				4C79BB0C2DD554C3006A1212 /* AdDetailCellRepresentable.swift in Sources */,
				4C79BAEE2DD54A95006A1212 /* AdDetailApiModel.swift in Sources */,
				4C79BB0E2DD55CFA006A1212 /* UIImage+Extensions.swift in Sources */,
				4C9607332DC57F9B0054D0FD /* PropertyStoring.swift in Sources */,
				4CE9500A2DD9335F00D98EF7 /* CoreDataStak.swift in Sources */,
				4CD5F9102DD9FD4F00EEC495 /* DateFormatter+Extensions.swift in Sources */,
				4C9607302DC57E170054D0FD /* UIView+Extensions.swift in Sources */,
				4CC4413C2DCD63990097CFCD /* AdUiModel.swift in Sources */,
				4C79BAD82DD4D142006A1212 /* AdDetailInteractorInterface.swift in Sources */,
				4C79BB0A2DD554BA006A1212 /* AdDetailUiModel.swift in Sources */,
				4C9607452DC583740054D0FD /* AdsPresenterInterface.swift in Sources */,
				4C96072B2DC57DA50054D0FD /* LoadingIndicator.swift in Sources */,
				4CC4407A2DCD007C0097CFCD /* EnvironmentRepresentable.swift in Sources */,
				4C9607542DC5854C0054D0FD /* UITableView+Extension.swift in Sources */,
				4C96076C2DC7E65E0054D0FD /* AdApiMapper.swift in Sources */,
				4CC4407C2DCD00840097CFCD /* Environment+Pro.swift in Sources */,
				4C96073D2DC583240054D0FD /* AdsInteractorInterface.swift in Sources */,
				4C79BADC2DD4D153006A1212 /* AdDetailRouterInterface.swift in Sources */,
				4C79BAD62DD4D133006A1212 /* AdDetailPresenter.swift in Sources */,
				4CE950052DD9303600D98EF7 /* AdFav+CoreDataClass.swift in Sources */,
				4CE950062DD9303600D98EF7 /* AdFav+CoreDataProperties.swift in Sources */,
				4C9607682DC7E6470054D0FD /* AdsApiSourceInterface.swift in Sources */,
				4CC440892DCD04000097CFCD /* HTTPStatusCode.swift in Sources */,
				4CC4411D2DCD49980097CFCD /* ApiRequesterInterface.swift in Sources */,
				4C79BB032DD55068006A1212 /* EnergyCertificationEntity.swift in Sources */,
				4C96074E2DC583F20054D0FD /* Router.swift in Sources */,
				4CC4413A2DCD63910097CFCD /* AdCellRepresentable.swift in Sources */,
				4C9607472DC5837F0054D0FD /* AdsPresenter.swift in Sources */,
				4C9607742DC7EC840054D0FD /* MultimediaApiModel.swift in Sources */,
				4C9607412DC5835C0054D0FD /* AdsRouterInterface.swift in Sources */,
				4CC4412E2DCD57EF0097CFCD /* FeatureEntity.swift in Sources */,
				4C96077D2DC7F08C0054D0FD /* OperationEnumApiModel.swift in Sources */,
				4C79BAF32DD54BF7006A1212 /* UbicationApiModel.swift in Sources */,
				4C79BAD22DD4D123006A1212 /* AdDetailViewController.swift in Sources */,
				4C9607812DC7F16A0054D0FD /* PriceApiModel.swift in Sources */,
				4CE951182DD93BD700D98EF7 /* UIControl+Extension.swift in Sources */,
				4C9607712DC7EC680054D0FD /* PriceInfoApiModel.swift in Sources */,
				4CC441362DCD58B10097CFCD /* PriceEntity.swift in Sources */,
				4CC4411F2DCD499F0097CFCD /* ApiRequester.swift in Sources */,
				4CC4408C2DCD047A0097CFCD /* ApiDecoder.swift in Sources */,
				4C96071C2DC57A7E0054D0FD /* NavigationController.swift in Sources */,
				4C96072D2DC57DAB0054D0FD /* LoadingView.swift in Sources */,
				4CE9511A2DD93F7D00D98EF7 /* AdsCoreDataInterface.swift in Sources */,
				4C96077F2DC7F12F0054D0FD /* ImageApiModel.swift in Sources */,
				4C79BB002DD55051006A1212 /* UbicationEntity.swift in Sources */,
				4CC441302DCD58350097CFCD /* ImageEntity.swift in Sources */,
				4C9607032DC5717F0054D0FD /* ViewController.swift in Sources */,
				4C79BAFA2DD54EC3006A1212 /* EnergyCertificationApiModel.swift in Sources */,
				4C79BAE22DD4D178006A1212 /* AdDetailApiSource.swift in Sources */,
				4C79BAD42DD4D130006A1212 /* AdDetailPresenterInterface.swift in Sources */,
				4CC441262DCD57630097CFCD /* AdEntity.swift in Sources */,
				4C9607772DC7ECB70054D0FD /* FeatureApiModel.swift in Sources */,
				4CC441242DCD53200097CFCD /* ApiClient.swift in Sources */,
				4C9607272DC57B630054D0FD /* ViewRepresentable.swift in Sources */,
				4CC4407E2DCD00930097CFCD /* EnvironmentManagerInterface.swift in Sources */,
				4C9607522DC5852A0054D0FD /* CellRepresentable.swift in Sources */,
				4CC441222DCD4DB10097CFCD /* ApiSource.swift in Sources */,
				4C79BADA2DD4D146006A1212 /* AdDetailInteractor.swift in Sources */,
				4C9607432DC583680054D0FD /* AdsInteractor.swift in Sources */,
				4C79BAE92DD541A0006A1212 /* InfoView.swift in Sources */,
				4C49FFDC2DC8138800FBECD1 /* ErrorEntity.swift in Sources */,
			);
			runOnlyForDeploymentPostprocessing = 0;
		};
		4C9606642DC56B3E0054D0FD /* Sources */ = {
			isa = PBXSourcesBuildPhase;
			buildActionMask = 2147483647;
			files = (
				4C96070A2DC571880054D0FD /* IdealistaChallengeTests.swift in Sources */,
			);
			runOnlyForDeploymentPostprocessing = 0;
		};
		4C96066E2DC56B3E0054D0FD /* Sources */ = {
			isa = PBXSourcesBuildPhase;
			buildActionMask = 2147483647;
			files = (
				4C96070E2DC5718B0054D0FD /* IdealistaChallengeUITests.swift in Sources */,
				4C96070F2DC5718B0054D0FD /* IdealistaChallengeUITestsLaunchTests.swift in Sources */,
			);
			runOnlyForDeploymentPostprocessing = 0;
		};
/* End PBXSourcesBuildPhase section */

/* Begin PBXTargetDependency section */
		4C96066A2DC56B3E0054D0FD /* PBXTargetDependency */ = {
			isa = PBXTargetDependency;
			target = 4C9606512DC56B3C0054D0FD /* IdealistaChallenge */;
			targetProxy = 4C9606692DC56B3E0054D0FD /* PBXContainerItemProxy */;
		};
		4C9606742DC56B3E0054D0FD /* PBXTargetDependency */ = {
			isa = PBXTargetDependency;
			target = 4C9606512DC56B3C0054D0FD /* IdealistaChallenge */;
			targetProxy = 4C9606732DC56B3E0054D0FD /* PBXContainerItemProxy */;
		};
/* End PBXTargetDependency section */

/* Begin PBXVariantGroup section */
		4C9606FB2DC5717F0054D0FD /* LaunchScreen.storyboard */ = {
			isa = PBXVariantGroup;
			children = (
				4C9606FA2DC5717F0054D0FD /* Base */,
			);
			name = LaunchScreen.storyboard;
			sourceTree = "<group>";
		};
/* End PBXVariantGroup section */

/* Begin XCBuildConfiguration section */
		4C96067C2DC56B3E0054D0FD /* Debug */ = {
			isa = XCBuildConfiguration;
			buildSettings = {
				ASSETCATALOG_COMPILER_APPICON_NAME = AppIcon;
				ASSETCATALOG_COMPILER_GLOBAL_ACCENT_COLOR_NAME = AccentColor;
				CODE_SIGN_STYLE = Automatic;
				CURRENT_PROJECT_VERSION = 1;
				ENABLE_USER_SCRIPT_SANDBOXING = NO;
				GENERATE_INFOPLIST_FILE = YES;
				GENERATE_PKGINFO_FILE = YES;
				INFOPLIST_EXPAND_BUILD_SETTINGS = YES;
				INFOPLIST_FILE = IdealistaChallenge/Info/Info.plist;
				INFOPLIST_KEY_CFBundleDisplayName = Idealista;
				INFOPLIST_KEY_UIApplicationSupportsIndirectInputEvents = YES;
				INFOPLIST_KEY_UILaunchStoryboardName = LaunchScreen;
				INFOPLIST_KEY_UISupportedInterfaceOrientations_iPad = "UIInterfaceOrientationPortrait UIInterfaceOrientationPortraitUpsideDown UIInterfaceOrientationLandscapeLeft UIInterfaceOrientationLandscapeRight";
				INFOPLIST_KEY_UISupportedInterfaceOrientations_iPhone = "UIInterfaceOrientationPortrait UIInterfaceOrientationLandscapeLeft UIInterfaceOrientationLandscapeRight";
				IPHONEOS_DEPLOYMENT_TARGET = 16.6;
				LD_RUNPATH_SEARCH_PATHS = (
					"$(inherited)",
					"@executable_path/Frameworks",
				);
				MARKETING_VERSION = 1.0.0;
				PRODUCT_BUNDLE_IDENTIFIER = com.mariaherrerovaras.IdealistaChallenge;
				PRODUCT_NAME = "$(TARGET_NAME)";
				SWIFT_EMIT_LOC_STRINGS = YES;
				SWIFT_VERSION = 5.0;
				TARGETED_DEVICE_FAMILY = "1,2";
			};
			name = Debug;
		};
		4C96067D2DC56B3E0054D0FD /* Release */ = {
			isa = XCBuildConfiguration;
			buildSettings = {
				ASSETCATALOG_COMPILER_APPICON_NAME = AppIcon;
				ASSETCATALOG_COMPILER_GLOBAL_ACCENT_COLOR_NAME = AccentColor;
				CODE_SIGN_STYLE = Automatic;
				CURRENT_PROJECT_VERSION = 1;
				ENABLE_USER_SCRIPT_SANDBOXING = NO;
				GENERATE_INFOPLIST_FILE = YES;
				GENERATE_PKGINFO_FILE = YES;
				INFOPLIST_EXPAND_BUILD_SETTINGS = YES;
				INFOPLIST_FILE = IdealistaChallenge/Info/Info.plist;
				INFOPLIST_KEY_CFBundleDisplayName = Idealista;
				INFOPLIST_KEY_UIApplicationSupportsIndirectInputEvents = YES;
				INFOPLIST_KEY_UILaunchStoryboardName = LaunchScreen;
				INFOPLIST_KEY_UISupportedInterfaceOrientations_iPad = "UIInterfaceOrientationPortrait UIInterfaceOrientationPortraitUpsideDown UIInterfaceOrientationLandscapeLeft UIInterfaceOrientationLandscapeRight";
				INFOPLIST_KEY_UISupportedInterfaceOrientations_iPhone = "UIInterfaceOrientationPortrait UIInterfaceOrientationLandscapeLeft UIInterfaceOrientationLandscapeRight";
				IPHONEOS_DEPLOYMENT_TARGET = 16.6;
				LD_RUNPATH_SEARCH_PATHS = (
					"$(inherited)",
					"@executable_path/Frameworks",
				);
				MARKETING_VERSION = 1.0.0;
				PRODUCT_BUNDLE_IDENTIFIER = com.mariaherrerovaras.IdealistaChallenge;
				PRODUCT_NAME = "$(TARGET_NAME)";
				SWIFT_EMIT_LOC_STRINGS = YES;
				SWIFT_VERSION = 5.0;
				TARGETED_DEVICE_FAMILY = "1,2";
			};
			name = Release;
		};
		4C96067E2DC56B3E0054D0FD /* Debug */ = {
			isa = XCBuildConfiguration;
			buildSettings = {
				ALWAYS_SEARCH_USER_PATHS = NO;
				ASSETCATALOG_COMPILER_GENERATE_SWIFT_ASSET_SYMBOL_EXTENSIONS = YES;
				ASSETCATALOG_COMPILER_GLOBAL_ACCENT_COLOR_NAME = AccentColor;
				CLANG_ANALYZER_NONNULL = YES;
				CLANG_ANALYZER_NUMBER_OBJECT_CONVERSION = YES_AGGRESSIVE;
				CLANG_CXX_LANGUAGE_STANDARD = "gnu++20";
				CLANG_ENABLE_MODULES = YES;
				CLANG_ENABLE_OBJC_ARC = YES;
				CLANG_ENABLE_OBJC_WEAK = YES;
				CLANG_WARN_BLOCK_CAPTURE_AUTORELEASING = YES;
				CLANG_WARN_BOOL_CONVERSION = YES;
				CLANG_WARN_COMMA = YES;
				CLANG_WARN_CONSTANT_CONVERSION = YES;
				CLANG_WARN_DEPRECATED_OBJC_IMPLEMENTATIONS = YES;
				CLANG_WARN_DIRECT_OBJC_ISA_USAGE = YES_ERROR;
				CLANG_WARN_DOCUMENTATION_COMMENTS = YES;
				CLANG_WARN_EMPTY_BODY = YES;
				CLANG_WARN_ENUM_CONVERSION = YES;
				CLANG_WARN_INFINITE_RECURSION = YES;
				CLANG_WARN_INT_CONVERSION = YES;
				CLANG_WARN_NON_LITERAL_NULL_CONVERSION = YES;
				CLANG_WARN_OBJC_IMPLICIT_RETAIN_SELF = YES;
				CLANG_WARN_OBJC_LITERAL_CONVERSION = YES;
				CLANG_WARN_OBJC_ROOT_CLASS = YES_ERROR;
				CLANG_WARN_QUOTED_INCLUDE_IN_FRAMEWORK_HEADER = YES;
				CLANG_WARN_RANGE_LOOP_ANALYSIS = YES;
				CLANG_WARN_STRICT_PROTOTYPES = YES;
				CLANG_WARN_SUSPICIOUS_MOVE = YES;
				CLANG_WARN_UNGUARDED_AVAILABILITY = YES_AGGRESSIVE;
				CLANG_WARN_UNREACHABLE_CODE = YES;
				CLANG_WARN__DUPLICATE_METHOD_MATCH = YES;
				COPY_PHASE_STRIP = NO;
				DEBUG_INFORMATION_FORMAT = dwarf;
				DONT_GENERATE_INFOPLIST_FILE = NO;
				ENABLE_STRICT_OBJC_MSGSEND = YES;
				ENABLE_TESTABILITY = YES;
				ENABLE_USER_SCRIPT_SANDBOXING = YES;
				GCC_C_LANGUAGE_STANDARD = gnu17;
				GCC_DYNAMIC_NO_PIC = NO;
				GCC_NO_COMMON_BLOCKS = YES;
				GCC_OPTIMIZATION_LEVEL = 0;
				GCC_PREPROCESSOR_DEFINITIONS = (
					"DEBUG=1",
					"$(inherited)",
				);
				GCC_WARN_64_TO_32_BIT_CONVERSION = YES;
				GCC_WARN_ABOUT_RETURN_TYPE = YES_ERROR;
				GCC_WARN_UNDECLARED_SELECTOR = YES;
				GCC_WARN_UNINITIALIZED_AUTOS = YES_AGGRESSIVE;
				GCC_WARN_UNUSED_FUNCTION = YES;
				GCC_WARN_UNUSED_VARIABLE = YES;
				GENERATE_INFOPLIST_FILE = YES;
				GENERATE_PKGINFO_FILE = NO;
				INFOPLIST_EXPAND_BUILD_SETTINGS = NO;
				INFOPLIST_FILE = "";
				IPHONEOS_DEPLOYMENT_TARGET = 18.4;
				LOCALIZATION_PREFERS_STRING_CATALOGS = YES;
				MTL_ENABLE_DEBUG_INFO = INCLUDE_SOURCE;
				MTL_FAST_MATH = YES;
				ONLY_ACTIVE_ARCH = YES;
				SDKROOT = iphoneos;
				SWIFT_ACTIVE_COMPILATION_CONDITIONS = "DEBUG $(inherited)";
				SWIFT_EMIT_LOC_STRINGS = YES;
				SWIFT_OPTIMIZATION_LEVEL = "-Onone";
			};
			name = Debug;
		};
		4C96067F2DC56B3E0054D0FD /* Release */ = {
			isa = XCBuildConfiguration;
			buildSettings = {
				ALWAYS_SEARCH_USER_PATHS = NO;
				ASSETCATALOG_COMPILER_GENERATE_SWIFT_ASSET_SYMBOL_EXTENSIONS = YES;
				ASSETCATALOG_COMPILER_GLOBAL_ACCENT_COLOR_NAME = AccentColor;
				CLANG_ANALYZER_NONNULL = YES;
				CLANG_ANALYZER_NUMBER_OBJECT_CONVERSION = YES_AGGRESSIVE;
				CLANG_CXX_LANGUAGE_STANDARD = "gnu++20";
				CLANG_ENABLE_MODULES = YES;
				CLANG_ENABLE_OBJC_ARC = YES;
				CLANG_ENABLE_OBJC_WEAK = YES;
				CLANG_WARN_BLOCK_CAPTURE_AUTORELEASING = YES;
				CLANG_WARN_BOOL_CONVERSION = YES;
				CLANG_WARN_COMMA = YES;
				CLANG_WARN_CONSTANT_CONVERSION = YES;
				CLANG_WARN_DEPRECATED_OBJC_IMPLEMENTATIONS = YES;
				CLANG_WARN_DIRECT_OBJC_ISA_USAGE = YES_ERROR;
				CLANG_WARN_DOCUMENTATION_COMMENTS = YES;
				CLANG_WARN_EMPTY_BODY = YES;
				CLANG_WARN_ENUM_CONVERSION = YES;
				CLANG_WARN_INFINITE_RECURSION = YES;
				CLANG_WARN_INT_CONVERSION = YES;
				CLANG_WARN_NON_LITERAL_NULL_CONVERSION = YES;
				CLANG_WARN_OBJC_IMPLICIT_RETAIN_SELF = YES;
				CLANG_WARN_OBJC_LITERAL_CONVERSION = YES;
				CLANG_WARN_OBJC_ROOT_CLASS = YES_ERROR;
				CLANG_WARN_QUOTED_INCLUDE_IN_FRAMEWORK_HEADER = YES;
				CLANG_WARN_RANGE_LOOP_ANALYSIS = YES;
				CLANG_WARN_STRICT_PROTOTYPES = YES;
				CLANG_WARN_SUSPICIOUS_MOVE = YES;
				CLANG_WARN_UNGUARDED_AVAILABILITY = YES_AGGRESSIVE;
				CLANG_WARN_UNREACHABLE_CODE = YES;
				CLANG_WARN__DUPLICATE_METHOD_MATCH = YES;
				COPY_PHASE_STRIP = NO;
				DEBUG_INFORMATION_FORMAT = "dwarf-with-dsym";
				DONT_GENERATE_INFOPLIST_FILE = NO;
				ENABLE_NS_ASSERTIONS = NO;
				ENABLE_STRICT_OBJC_MSGSEND = YES;
				ENABLE_USER_SCRIPT_SANDBOXING = YES;
				GCC_C_LANGUAGE_STANDARD = gnu17;
				GCC_NO_COMMON_BLOCKS = YES;
				GCC_WARN_64_TO_32_BIT_CONVERSION = YES;
				GCC_WARN_ABOUT_RETURN_TYPE = YES_ERROR;
				GCC_WARN_UNDECLARED_SELECTOR = YES;
				GCC_WARN_UNINITIALIZED_AUTOS = YES_AGGRESSIVE;
				GCC_WARN_UNUSED_FUNCTION = YES;
				GCC_WARN_UNUSED_VARIABLE = YES;
				GENERATE_INFOPLIST_FILE = YES;
				GENERATE_PKGINFO_FILE = NO;
				INFOPLIST_EXPAND_BUILD_SETTINGS = NO;
				INFOPLIST_FILE = "";
				IPHONEOS_DEPLOYMENT_TARGET = 18.4;
				LOCALIZATION_PREFERS_STRING_CATALOGS = YES;
				MTL_ENABLE_DEBUG_INFO = NO;
				MTL_FAST_MATH = YES;
				SDKROOT = iphoneos;
				SWIFT_COMPILATION_MODE = wholemodule;
				SWIFT_EMIT_LOC_STRINGS = YES;
				VALIDATE_PRODUCT = YES;
			};
			name = Release;
		};
		4C9606812DC56B3E0054D0FD /* Debug */ = {
			isa = XCBuildConfiguration;
			buildSettings = {
				BUNDLE_LOADER = "$(TEST_HOST)";
				CODE_SIGN_STYLE = Automatic;
				CURRENT_PROJECT_VERSION = 1;
				GENERATE_INFOPLIST_FILE = YES;
				IPHONEOS_DEPLOYMENT_TARGET = 18.4;
				MARKETING_VERSION = 1.0;
				PRODUCT_BUNDLE_IDENTIFIER = com.mariaherrerovaras.IdealistaChallengeTests;
				PRODUCT_NAME = "$(TARGET_NAME)";
				SWIFT_EMIT_LOC_STRINGS = NO;
				SWIFT_VERSION = 5.0;
				TARGETED_DEVICE_FAMILY = "1,2";
				TEST_HOST = "$(BUILT_PRODUCTS_DIR)/IdealistaChallenge.app/$(BUNDLE_EXECUTABLE_FOLDER_PATH)/IdealistaChallenge";
			};
			name = Debug;
		};
		4C9606822DC56B3E0054D0FD /* Release */ = {
			isa = XCBuildConfiguration;
			buildSettings = {
				BUNDLE_LOADER = "$(TEST_HOST)";
				CODE_SIGN_STYLE = Automatic;
				CURRENT_PROJECT_VERSION = 1;
				GENERATE_INFOPLIST_FILE = YES;
				IPHONEOS_DEPLOYMENT_TARGET = 18.4;
				MARKETING_VERSION = 1.0;
				PRODUCT_BUNDLE_IDENTIFIER = com.mariaherrerovaras.IdealistaChallengeTests;
				PRODUCT_NAME = "$(TARGET_NAME)";
				SWIFT_EMIT_LOC_STRINGS = NO;
				SWIFT_VERSION = 5.0;
				TARGETED_DEVICE_FAMILY = "1,2";
				TEST_HOST = "$(BUILT_PRODUCTS_DIR)/IdealistaChallenge.app/$(BUNDLE_EXECUTABLE_FOLDER_PATH)/IdealistaChallenge";
			};
			name = Release;
		};
		4C9606842DC56B3E0054D0FD /* Debug */ = {
			isa = XCBuildConfiguration;
			buildSettings = {
				CODE_SIGN_STYLE = Automatic;
				CURRENT_PROJECT_VERSION = 1;
				GENERATE_INFOPLIST_FILE = YES;
				MARKETING_VERSION = 1.0;
				PRODUCT_BUNDLE_IDENTIFIER = com.mariaherrerovaras.IdealistaChallengeUITests;
				PRODUCT_NAME = "$(TARGET_NAME)";
				SWIFT_EMIT_LOC_STRINGS = NO;
				SWIFT_VERSION = 5.0;
				TARGETED_DEVICE_FAMILY = "1,2";
				TEST_TARGET_NAME = IdealistaChallenge;
			};
			name = Debug;
		};
		4C9606852DC56B3E0054D0FD /* Release */ = {
			isa = XCBuildConfiguration;
			buildSettings = {
				CODE_SIGN_STYLE = Automatic;
				CURRENT_PROJECT_VERSION = 1;
				GENERATE_INFOPLIST_FILE = YES;
				MARKETING_VERSION = 1.0;
				PRODUCT_BUNDLE_IDENTIFIER = com.mariaherrerovaras.IdealistaChallengeUITests;
				PRODUCT_NAME = "$(TARGET_NAME)";
				SWIFT_EMIT_LOC_STRINGS = NO;
				SWIFT_VERSION = 5.0;
				TARGETED_DEVICE_FAMILY = "1,2";
				TEST_TARGET_NAME = IdealistaChallenge;
			};
			name = Release;
		};
/* End XCBuildConfiguration section */

/* Begin XCConfigurationList section */
		4C96064D2DC56B3C0054D0FD /* Build configuration list for PBXProject "IdealistaChallenge" */ = {
			isa = XCConfigurationList;
			buildConfigurations = (
				4C96067E2DC56B3E0054D0FD /* Debug */,
				4C96067F2DC56B3E0054D0FD /* Release */,
			);
			defaultConfigurationIsVisible = 0;
			defaultConfigurationName = Release;
		};
		4C96067B2DC56B3E0054D0FD /* Build configuration list for PBXNativeTarget "IdealistaChallenge" */ = {
			isa = XCConfigurationList;
			buildConfigurations = (
				4C96067C2DC56B3E0054D0FD /* Debug */,
				4C96067D2DC56B3E0054D0FD /* Release */,
			);
			defaultConfigurationIsVisible = 0;
			defaultConfigurationName = Release;
		};
		4C9606802DC56B3E0054D0FD /* Build configuration list for PBXNativeTarget "IdealistaChallengeTests" */ = {
			isa = XCConfigurationList;
			buildConfigurations = (
				4C9606812DC56B3E0054D0FD /* Debug */,
				4C9606822DC56B3E0054D0FD /* Release */,
			);
			defaultConfigurationIsVisible = 0;
			defaultConfigurationName = Release;
		};
		4C9606832DC56B3E0054D0FD /* Build configuration list for PBXNativeTarget "IdealistaChallengeUITests" */ = {
			isa = XCConfigurationList;
			buildConfigurations = (
				4C9606842DC56B3E0054D0FD /* Debug */,
				4C9606852DC56B3E0054D0FD /* Release */,
			);
			defaultConfigurationIsVisible = 0;
			defaultConfigurationName = Release;
		};
/* End XCConfigurationList section */

/* Begin XCVersionGroup section */
		4CE950002DD92F9300D98EF7 /* IdealistaFav.xcdatamodeld */ = {
			isa = XCVersionGroup;
			children = (
				4CE950012DD92F9300D98EF7 /* IdealistaFav.xcdatamodel */,
			);
			currentVersion = 4CE950012DD92F9300D98EF7 /* IdealistaFav.xcdatamodel */;
			path = IdealistaFav.xcdatamodeld;
			sourceTree = "<group>";
			versionGroupType = wrapper.xcdatamodel;
		};
/* End XCVersionGroup section */
	};
	rootObject = 4C96064A2DC56B3C0054D0FD /* Project object */;
}
