// !$*UTF8*$!
{
	archiveVersion = 1;
	classes = {
	};
	objectVersion = 77;
	objects = {

/* Begin PBXContainerItemProxy section */
		4C9606692DC56B3E0054D0FD /* PBXContainerItemProxy */ = {
			isa = PBXContainerItemProxy;
			containerPortal = 4C96064A2DC56B3C0054D0FD /* Project object */;
			proxyType = 1;
			remoteGlobalIDString = 4C9606512DC56B3C0054D0FD;
			remoteInfo = IdealistaChallenge;
		};
		4C9606732DC56B3E0054D0FD /* PBXContainerItemProxy */ = {
			isa = PBXContainerItemProxy;
			containerPortal = 4C96064A2DC56B3C0054D0FD /* Project object */;
			proxyType = 1;
			remoteGlobalIDString = 4C9606512DC56B3C0054D0FD;
			remoteInfo = IdealistaChallenge;
		};
/* End PBXContainerItemProxy section */

/* Begin PBXFileReference section */
		4C9606522DC56B3C0054D0FD /* IdealistaChallenge.app */ = {isa = PBXFileReference; explicitFileType = wrapper.application; includeInIndex = 0; path = IdealistaChallenge.app; sourceTree = BUILT_PRODUCTS_DIR; };
		4C9606682DC56B3E0054D0FD /* IdealistaChallengeTests.xctest */ = {isa = PBXFileReference; explicitFileType = wrapper.cfbundle; includeInIndex = 0; path = IdealistaChallengeTests.xctest; sourceTree = BUILT_PRODUCTS_DIR; };
		4C9606722DC56B3E0054D0FD /* IdealistaChallengeUITests.xctest */ = {isa = PBXFileReference; explicitFileType = wrapper.cfbundle; includeInIndex = 0; path = IdealistaChallengeUITests.xctest; sourceTree = BUILT_PRODUCTS_DIR; };
/* End PBXFileReference section */

/* Begin PBXFileSystemSynchronizedBuildFileExceptionSet section */
		4C96067A2DC56B3E0054D0FD /* Exceptions for "IdealistaChallenge" folder in "IdealistaChallenge" target */ = {
			isa = PBXFileSystemSynchronizedBuildFileExceptionSet;
			membershipExceptions = (
				Info.plist,
			);
			target = 4C9606512DC56B3C0054D0FD /* IdealistaChallenge */;
		};
/* End PBXFileSystemSynchronizedBuildFileExceptionSet section */

/* Begin PBXFileSystemSynchronizedRootGroup section */
		4C9606542DC56B3C0054D0FD /* IdealistaChallenge */ = {
			isa = PBXFileSystemSynchronizedRootGroup;
			exceptions = (
				4C96067A2DC56B3E0054D0FD /* Exceptions for "IdealistaChallenge" folder in "IdealistaChallenge" target */,
			);
			path = IdealistaChallenge;
			sourceTree = "<group>";
		};
		4C96066B2DC56B3E0054D0FD /* IdealistaChallengeTests */ = {
			isa = PBXFileSystemSynchronizedRootGroup;
			path = IdealistaChallengeTests;
			sourceTree = "<group>";
		};
		4C9606752DC56B3E0054D0FD /* IdealistaChallengeUITests */ = {
			isa = PBXFileSystemSynchronizedRootGroup;
			path = IdealistaChallengeUITests;
			sourceTree = "<group>";
		};
/* End PBXFileSystemSynchronizedRootGroup section */

/* Begin PBXFrameworksBuildPhase section */
		4C96064F2DC56B3C0054D0FD /* Frameworks */ = {
			isa = PBXFrameworksBuildPhase;
			buildActionMask = 2147483647;
			files = (
			);
			runOnlyForDeploymentPostprocessing = 0;
		};
		4C9606652DC56B3E0054D0FD /* Frameworks */ = {
			isa = PBXFrameworksBuildPhase;
			buildActionMask = 2147483647;
			files = (
			);
			runOnlyForDeploymentPostprocessing = 0;
		};
		4C96066F2DC56B3E0054D0FD /* Frameworks */ = {
			isa = PBXFrameworksBuildPhase;
			buildActionMask = 2147483647;
			files = (
			);
			runOnlyForDeploymentPostprocessing = 0;
		};
/* End PBXFrameworksBuildPhase section */

/* Begin PBXGroup section */
		4C9606492DC56B3C0054D0FD = {
			isa = PBXGroup;
			children = (
				4C9606542DC56B3C0054D0FD /* IdealistaChallenge */,
				4C96066B2DC56B3E0054D0FD /* IdealistaChallengeTests */,
				4C9606752DC56B3E0054D0FD /* IdealistaChallengeUITests */,
				4C9606532DC56B3C0054D0FD /* Products */,
			);
			sourceTree = "<group>";
		};
		4C9606532DC56B3C0054D0FD /* Products */ = {
			isa = PBXGroup;
			children = (
				4C9606522DC56B3C0054D0FD /* IdealistaChallenge.app */,
				4C9606682DC56B3E0054D0FD /* IdealistaChallengeTests.xctest */,
				4C9606722DC56B3E0054D0FD /* IdealistaChallengeUITests.xctest */,
			);
			name = Products;
			sourceTree = "<group>";
		};
/* End PBXGroup section */

/* Begin PBXNativeTarget section */
		4C9606512DC56B3C0054D0FD /* IdealistaChallenge */ = {
			isa = PBXNativeTarget;
			buildConfigurationList = 4C96067B2DC56B3E0054D0FD /* Build configuration list for PBXNativeTarget "IdealistaChallenge" */;
			buildPhases = (
				4C96064E2DC56B3C0054D0FD /* Sources */,
				4C96064F2DC56B3C0054D0FD /* Frameworks */,
				4C9606502DC56B3C0054D0FD /* Resources */,
			);
			buildRules = (
			);
			dependencies = (
			);
			fileSystemSynchronizedGroups = (
				4C9606542DC56B3C0054D0FD /* IdealistaChallenge */,
			);
			name = IdealistaChallenge;
			packageProductDependencies = (
			);
			productName = IdealistaChallenge;
			productReference = 4C9606522DC56B3C0054D0FD /* IdealistaChallenge.app */;
			productType = "com.apple.product-type.application";
		};
		4C9606672DC56B3E0054D0FD /* IdealistaChallengeTests */ = {
			isa = PBXNativeTarget;
			buildConfigurationList = 4C9606802DC56B3E0054D0FD /* Build configuration list for PBXNativeTarget "IdealistaChallengeTests" */;
			buildPhases = (
				4C9606642DC56B3E0054D0FD /* Sources */,
				4C9606652DC56B3E0054D0FD /* Frameworks */,
				4C9606662DC56B3E0054D0FD /* Resources */,
			);
			buildRules = (
			);
			dependencies = (
				4C96066A2DC56B3E0054D0FD /* PBXTargetDependency */,
			);
			fileSystemSynchronizedGroups = (
				4C96066B2DC56B3E0054D0FD /* IdealistaChallengeTests */,
			);
			name = IdealistaChallengeTests;
			packageProductDependencies = (
			);
			productName = IdealistaChallengeTests;
			productReference = 4C9606682DC56B3E0054D0FD /* IdealistaChallengeTests.xctest */;
			productType = "com.apple.product-type.bundle.unit-test";
		};
		4C9606712DC56B3E0054D0FD /* IdealistaChallengeUITests */ = {
			isa = PBXNativeTarget;
			buildConfigurationList = 4C9606832DC56B3E0054D0FD /* Build configuration list for PBXNativeTarget "IdealistaChallengeUITests" */;
			buildPhases = (
				4C96066E2DC56B3E0054D0FD /* Sources */,
				4C96066F2DC56B3E0054D0FD /* Frameworks */,
				4C9606702DC56B3E0054D0FD /* Resources */,
			);
			buildRules = (
			);
			dependencies = (
				4C9606742DC56B3E0054D0FD /* PBXTargetDependency */,
			);
			fileSystemSynchronizedGroups = (
				4C9606752DC56B3E0054D0FD /* IdealistaChallengeUITests */,
			);
			name = IdealistaChallengeUITests;
			packageProductDependencies = (
			);
			productName = IdealistaChallengeUITests;
			productReference = 4C9606722DC56B3E0054D0FD /* IdealistaChallengeUITests.xctest */;
			productType = "com.apple.product-type.bundle.ui-testing";
		};
/* End PBXNativeTarget section */

/* Begin PBXProject section */
		4C96064A2DC56B3C0054D0FD /* Project object */ = {
			isa = PBXProject;
			attributes = {
				BuildIndependentTargetsInParallel = 1;
				LastSwiftUpdateCheck = 1630;
				LastUpgradeCheck = 1630;
				TargetAttributes = {
					4C9606512DC56B3C0054D0FD = {
						CreatedOnToolsVersion = 16.3;
					};
					4C9606672DC56B3E0054D0FD = {
						CreatedOnToolsVersion = 16.3;
						TestTargetID = 4C9606512DC56B3C0054D0FD;
					};
					4C9606712DC56B3E0054D0FD = {
						CreatedOnToolsVersion = 16.3;
						TestTargetID = 4C9606512DC56B3C0054D0FD;
					};
				};
			};
			buildConfigurationList = 4C96064D2DC56B3C0054D0FD /* Build configuration list for PBXProject "IdealistaChallenge" */;
			developmentRegion = en;
			hasScannedForEncodings = 0;
			knownRegions = (
				en,
				Base,
			);
			mainGroup = 4C9606492DC56B3C0054D0FD;
			minimizedProjectReferenceProxies = 1;
			preferredProjectObjectVersion = 77;
			productRefGroup = 4C9606532DC56B3C0054D0FD /* Products */;
			projectDirPath = "";
			projectRoot = "";
			targets = (
				4C9606512DC56B3C0054D0FD /* IdealistaChallenge */,
				4C9606672DC56B3E0054D0FD /* IdealistaChallengeTests */,
				4C9606712DC56B3E0054D0FD /* IdealistaChallengeUITests */,
			);
		};
/* End PBXProject section */

/* Begin PBXResourcesBuildPhase section */
		4C9606502DC56B3C0054D0FD /* Resources */ = {
			isa = PBXResourcesBuildPhase;
			buildActionMask = 2147483647;
			files = (
			);
			runOnlyForDeploymentPostprocessing = 0;
		};
		4C9606662DC56B3E0054D0FD /* Resources */ = {
			isa = PBXResourcesBuildPhase;
			buildActionMask = 2147483647;
			files = (
			);
			runOnlyForDeploymentPostprocessing = 0;
		};
		4C9606702DC56B3E0054D0FD /* Resources */ = {
			isa = PBXResourcesBuildPhase;
			buildActionMask = 2147483647;
			files = (
			);
			runOnlyForDeploymentPostprocessing = 0;
		};
/* End PBXResourcesBuildPhase section */

/* Begin PBXSourcesBuildPhase section */
		4C96064E2DC56B3C0054D0FD /* Sources */ = {
			isa = PBXSourcesBuildPhase;
			buildActionMask = 2147483647;
			files = (
			);
			runOnlyForDeploymentPostprocessing = 0;
		};
		4C9606642DC56B3E0054D0FD /* Sources */ = {
			isa = PBXSourcesBuildPhase;
			buildActionMask = 2147483647;
			files = (
			);
			runOnlyForDeploymentPostprocessing = 0;
		};
		4C96066E2DC56B3E0054D0FD /* Sources */ = {
			isa = PBXSourcesBuildPhase;
			buildActionMask = 2147483647;
			files = (
			);
			runOnlyForDeploymentPostprocessing = 0;
		};
/* End PBXSourcesBuildPhase section */

/* Begin PBXTargetDependency section */
		4C96066A2DC56B3E0054D0FD /* PBXTargetDependency */ = {
			isa = PBXTargetDependency;
			target = 4C9606512DC56B3C0054D0FD /* IdealistaChallenge */;
			targetProxy = 4C9606692DC56B3E0054D0FD /* PBXContainerItemProxy */;
		};
		4C9606742DC56B3E0054D0FD /* PBXTargetDependency */ = {
			isa = PBXTargetDependency;
			target = 4C9606512DC56B3C0054D0FD /* IdealistaChallenge */;
			targetProxy = 4C9606732DC56B3E0054D0FD /* PBXContainerItemProxy */;
		};
/* End PBXTargetDependency section */

/* Begin XCBuildConfiguration section */
		4C96067C2DC56B3E0054D0FD /* Debug */ = {
			isa = XCBuildConfiguration;
			buildSettings = {
				ASSETCATALOG_COMPILER_APPICON_NAME = AppIcon;
				ASSETCATALOG_COMPILER_GLOBAL_ACCENT_COLOR_NAME = AccentColor;
				CODE_SIGN_STYLE = Automatic;
				CURRENT_PROJECT_VERSION = 1;
				GENERATE_INFOPLIST_FILE = YES;
				INFOPLIST_FILE = IdealistaChallenge/Info.plist;
				INFOPLIST_KEY_UIApplicationSupportsIndirectInputEvents = YES;
				INFOPLIST_KEY_UILaunchStoryboardName = LaunchScreen;
				INFOPLIST_KEY_UIMainStoryboardFile = Main;
				INFOPLIST_KEY_UISupportedInterfaceOrientations_iPad = "UIInterfaceOrientationPortrait UIInterfaceOrientationPortraitUpsideDown UIInterfaceOrientationLandscapeLeft UIInterfaceOrientationLandscapeRight";
				INFOPLIST_KEY_UISupportedInterfaceOrientations_iPhone = "UIInterfaceOrientationPortrait UIInterfaceOrientationLandscapeLeft UIInterfaceOrientationLandscapeRight";
				LD_RUNPATH_SEARCH_PATHS = (
					"$(inherited)",
					"@executable_path/Frameworks",
				);
				MARKETING_VERSION = 1.0;
				PRODUCT_BUNDLE_IDENTIFIER = com.mariaherrerovaras.IdealistaChallenge;
				PRODUCT_NAME = "$(TARGET_NAME)";
				SWIFT_EMIT_LOC_STRINGS = YES;
				SWIFT_VERSION = 5.0;
				TARGETED_DEVICE_FAMILY = "1,2";
			};
			name = Debug;
		};
		4C96067D2DC56B3E0054D0FD /* Release */ = {
			isa = XCBuildConfiguration;
			buildSettings = {
				ASSETCATALOG_COMPILER_APPICON_NAME = AppIcon;
				ASSETCATALOG_COMPILER_GLOBAL_ACCENT_COLOR_NAME = AccentColor;
				CODE_SIGN_STYLE = Automatic;
				CURRENT_PROJECT_VERSION = 1;
				GENERATE_INFOPLIST_FILE = YES;
				INFOPLIST_FILE = IdealistaChallenge/Info.plist;
				INFOPLIST_KEY_UIApplicationSupportsIndirectInputEvents = YES;
				INFOPLIST_KEY_UILaunchStoryboardName = LaunchScreen;
				INFOPLIST_KEY_UIMainStoryboardFile = Main;
				INFOPLIST_KEY_UISupportedInterfaceOrientations_iPad = "UIInterfaceOrientationPortrait UIInterfaceOrientationPortraitUpsideDown UIInterfaceOrientationLandscapeLeft UIInterfaceOrientationLandscapeRight";
				INFOPLIST_KEY_UISupportedInterfaceOrientations_iPhone = "UIInterfaceOrientationPortrait UIInterfaceOrientationLandscapeLeft UIInterfaceOrientationLandscapeRight";
				LD_RUNPATH_SEARCH_PATHS = (
					"$(inherited)",
					"@executable_path/Frameworks",
				);
				MARKETING_VERSION = 1.0;
				PRODUCT_BUNDLE_IDENTIFIER = com.mariaherrerovaras.IdealistaChallenge;
				PRODUCT_NAME = "$(TARGET_NAME)";
				SWIFT_EMIT_LOC_STRINGS = YES;
				SWIFT_VERSION = 5.0;
				TARGETED_DEVICE_FAMILY = "1,2";
			};
			name = Release;
		};
		4C96067E2DC56B3E0054D0FD /* Debug */ = {
			isa = XCBuildConfiguration;
			buildSettings = {
				ALWAYS_SEARCH_USER_PATHS = NO;
				ASSETCATALOG_COMPILER_GENERATE_SWIFT_ASSET_SYMBOL_EXTENSIONS = YES;
				CLANG_ANALYZER_NONNULL = YES;
				CLANG_ANALYZER_NUMBER_OBJECT_CONVERSION = YES_AGGRESSIVE;
				CLANG_CXX_LANGUAGE_STANDARD = "gnu++20";
				CLANG_ENABLE_MODULES = YES;
				CLANG_ENABLE_OBJC_ARC = YES;
				CLANG_ENABLE_OBJC_WEAK = YES;
				CLANG_WARN_BLOCK_CAPTURE_AUTORELEASING = YES;
				CLANG_WARN_BOOL_CONVERSION = YES;
				CLANG_WARN_COMMA = YES;
				CLANG_WARN_CONSTANT_CONVERSION = YES;
				CLANG_WARN_DEPRECATED_OBJC_IMPLEMENTATIONS = YES;
				CLANG_WARN_DIRECT_OBJC_ISA_USAGE = YES_ERROR;
				CLANG_WARN_DOCUMENTATION_COMMENTS = YES;
				CLANG_WARN_EMPTY_BODY = YES;
				CLANG_WARN_ENUM_CONVERSION = YES;
				CLANG_WARN_INFINITE_RECURSION = YES;
				CLANG_WARN_INT_CONVERSION = YES;
				CLANG_WARN_NON_LITERAL_NULL_CONVERSION = YES;
				CLANG_WARN_OBJC_IMPLICIT_RETAIN_SELF = YES;
				CLANG_WARN_OBJC_LITERAL_CONVERSION = YES;
				CLANG_WARN_OBJC_ROOT_CLASS = YES_ERROR;
				CLANG_WARN_QUOTED_INCLUDE_IN_FRAMEWORK_HEADER = YES;
				CLANG_WARN_RANGE_LOOP_ANALYSIS = YES;
				CLANG_WARN_STRICT_PROTOTYPES = YES;
				CLANG_WARN_SUSPICIOUS_MOVE = YES;
				CLANG_WARN_UNGUARDED_AVAILABILITY = YES_AGGRESSIVE;
				CLANG_WARN_UNREACHABLE_CODE = YES;
				CLANG_WARN__DUPLICATE_METHOD_MATCH = YES;
				COPY_PHASE_STRIP = NO;
				DEBUG_INFORMATION_FORMAT = dwarf;
				ENABLE_STRICT_OBJC_MSGSEND = YES;
				ENABLE_TESTABILITY = YES;
				ENABLE_USER_SCRIPT_SANDBOXING = YES;
				GCC_C_LANGUAGE_STANDARD = gnu17;
				GCC_DYNAMIC_NO_PIC = NO;
				GCC_NO_COMMON_BLOCKS = YES;
				GCC_OPTIMIZATION_LEVEL = 0;
				GCC_PREPROCESSOR_DEFINITIONS = (
					"DEBUG=1",
					"$(inherited)",
				);
				GCC_WARN_64_TO_32_BIT_CONVERSION = YES;
				GCC_WARN_ABOUT_RETURN_TYPE = YES_ERROR;
				GCC_WARN_UNDECLARED_SELECTOR = YES;
				GCC_WARN_UNINITIALIZED_AUTOS = YES_AGGRESSIVE;
				GCC_WARN_UNUSED_FUNCTION = YES;
				GCC_WARN_UNUSED_VARIABLE = YES;
				IPHONEOS_DEPLOYMENT_TARGET = 18.4;
				LOCALIZATION_PREFERS_STRING_CATALOGS = YES;
				MTL_ENABLE_DEBUG_INFO = INCLUDE_SOURCE;
				MTL_FAST_MATH = YES;
				ONLY_ACTIVE_ARCH = YES;
				SDKROOT = iphoneos;
				SWIFT_ACTIVE_COMPILATION_CONDITIONS = "DEBUG $(inherited)";
				SWIFT_OPTIMIZATION_LEVEL = "-Onone";
			};
			name = Debug;
		};
		4C96067F2DC56B3E0054D0FD /* Release */ = {
			isa = XCBuildConfiguration;
			buildSettings = {
				ALWAYS_SEARCH_USER_PATHS = NO;
				ASSETCATALOG_COMPILER_GENERATE_SWIFT_ASSET_SYMBOL_EXTENSIONS = YES;
				CLANG_ANALYZER_NONNULL = YES;
				CLANG_ANALYZER_NUMBER_OBJECT_CONVERSION = YES_AGGRESSIVE;
				CLANG_CXX_LANGUAGE_STANDARD = "gnu++20";
				CLANG_ENABLE_MODULES = YES;
				CLANG_ENABLE_OBJC_ARC = YES;
				CLANG_ENABLE_OBJC_WEAK = YES;
				CLANG_WARN_BLOCK_CAPTURE_AUTORELEASING = YES;
				CLANG_WARN_BOOL_CONVERSION = YES;
				CLANG_WARN_COMMA = YES;
				CLANG_WARN_CONSTANT_CONVERSION = YES;
				CLANG_WARN_DEPRECATED_OBJC_IMPLEMENTATIONS = YES;
				CLANG_WARN_DIRECT_OBJC_ISA_USAGE = YES_ERROR;
				CLANG_WARN_DOCUMENTATION_COMMENTS = YES;
				CLANG_WARN_EMPTY_BODY = YES;
				CLANG_WARN_ENUM_CONVERSION = YES;
				CLANG_WARN_INFINITE_RECURSION = YES;
				CLANG_WARN_INT_CONVERSION = YES;
				CLANG_WARN_NON_LITERAL_NULL_CONVERSION = YES;
				CLANG_WARN_OBJC_IMPLICIT_RETAIN_SELF = YES;
				CLANG_WARN_OBJC_LITERAL_CONVERSION = YES;
				CLANG_WARN_OBJC_ROOT_CLASS = YES_ERROR;
				CLANG_WARN_QUOTED_INCLUDE_IN_FRAMEWORK_HEADER = YES;
				CLANG_WARN_RANGE_LOOP_ANALYSIS = YES;
				CLANG_WARN_STRICT_PROTOTYPES = YES;
				CLANG_WARN_SUSPICIOUS_MOVE = YES;
				CLANG_WARN_UNGUARDED_AVAILABILITY = YES_AGGRESSIVE;
				CLANG_WARN_UNREACHABLE_CODE = YES;
				CLANG_WARN__DUPLICATE_METHOD_MATCH = YES;
				COPY_PHASE_STRIP = NO;
				DEBUG_INFORMATION_FORMAT = "dwarf-with-dsym";
				ENABLE_NS_ASSERTIONS = NO;
				ENABLE_STRICT_OBJC_MSGSEND = YES;
				ENABLE_USER_SCRIPT_SANDBOXING = YES;
				GCC_C_LANGUAGE_STANDARD = gnu17;
				GCC_NO_COMMON_BLOCKS = YES;
				GCC_WARN_64_TO_32_BIT_CONVERSION = YES;
				GCC_WARN_ABOUT_RETURN_TYPE = YES_ERROR;
				GCC_WARN_UNDECLARED_SELECTOR = YES;
				GCC_WARN_UNINITIALIZED_AUTOS = YES_AGGRESSIVE;
				GCC_WARN_UNUSED_FUNCTION = YES;
				GCC_WARN_UNUSED_VARIABLE = YES;
				IPHONEOS_DEPLOYMENT_TARGET = 18.4;
				LOCALIZATION_PREFERS_STRING_CATALOGS = YES;
				MTL_ENABLE_DEBUG_INFO = NO;
				MTL_FAST_MATH = YES;
				SDKROOT = iphoneos;
				SWIFT_COMPILATION_MODE = wholemodule;
				VALIDATE_PRODUCT = YES;
			};
			name = Release;
		};
		4C9606812DC56B3E0054D0FD /* Debug */ = {
			isa = XCBuildConfiguration;
			buildSettings = {
				BUNDLE_LOADER = "$(TEST_HOST)";
				CODE_SIGN_STYLE = Automatic;
				CURRENT_PROJECT_VERSION = 1;
				GENERATE_INFOPLIST_FILE = YES;
				IPHONEOS_DEPLOYMENT_TARGET = 18.4;
				MARKETING_VERSION = 1.0;
				PRODUCT_BUNDLE_IDENTIFIER = com.mariaherrerovaras.IdealistaChallengeTests;
				PRODUCT_NAME = "$(TARGET_NAME)";
				SWIFT_EMIT_LOC_STRINGS = NO;
				SWIFT_VERSION = 5.0;
				TARGETED_DEVICE_FAMILY = "1,2";
				TEST_HOST = "$(BUILT_PRODUCTS_DIR)/IdealistaChallenge.app/$(BUNDLE_EXECUTABLE_FOLDER_PATH)/IdealistaChallenge";
			};
			name = Debug;
		};
		4C9606822DC56B3E0054D0FD /* Release */ = {
			isa = XCBuildConfiguration;
			buildSettings = {
				BUNDLE_LOADER = "$(TEST_HOST)";
				CODE_SIGN_STYLE = Automatic;
				CURRENT_PROJECT_VERSION = 1;
				GENERATE_INFOPLIST_FILE = YES;
				IPHONEOS_DEPLOYMENT_TARGET = 18.4;
				MARKETING_VERSION = 1.0;
				PRODUCT_BUNDLE_IDENTIFIER = com.mariaherrerovaras.IdealistaChallengeTests;
				PRODUCT_NAME = "$(TARGET_NAME)";
				SWIFT_EMIT_LOC_STRINGS = NO;
				SWIFT_VERSION = 5.0;
				TARGETED_DEVICE_FAMILY = "1,2";
				TEST_HOST = "$(BUILT_PRODUCTS_DIR)/IdealistaChallenge.app/$(BUNDLE_EXECUTABLE_FOLDER_PATH)/IdealistaChallenge";
			};
			name = Release;
		};
		4C9606842DC56B3E0054D0FD /* Debug */ = {
			isa = XCBuildConfiguration;
			buildSettings = {
				CODE_SIGN_STYLE = Automatic;
				CURRENT_PROJECT_VERSION = 1;
				GENERATE_INFOPLIST_FILE = YES;
				MARKETING_VERSION = 1.0;
				PRODUCT_BUNDLE_IDENTIFIER = com.mariaherrerovaras.IdealistaChallengeUITests;
				PRODUCT_NAME = "$(TARGET_NAME)";
				SWIFT_EMIT_LOC_STRINGS = NO;
				SWIFT_VERSION = 5.0;
				TARGETED_DEVICE_FAMILY = "1,2";
				TEST_TARGET_NAME = IdealistaChallenge;
			};
			name = Debug;
		};
		4C9606852DC56B3E0054D0FD /* Release */ = {
			isa = XCBuildConfiguration;
			buildSettings = {
				CODE_SIGN_STYLE = Automatic;
				CURRENT_PROJECT_VERSION = 1;
				GENERATE_INFOPLIST_FILE = YES;
				MARKETING_VERSION = 1.0;
				PRODUCT_BUNDLE_IDENTIFIER = com.mariaherrerovaras.IdealistaChallengeUITests;
				PRODUCT_NAME = "$(TARGET_NAME)";
				SWIFT_EMIT_LOC_STRINGS = NO;
				SWIFT_VERSION = 5.0;
				TARGETED_DEVICE_FAMILY = "1,2";
				TEST_TARGET_NAME = IdealistaChallenge;
			};
			name = Release;
		};
/* End XCBuildConfiguration section */

/* Begin XCConfigurationList section */
		4C96064D2DC56B3C0054D0FD /* Build configuration list for PBXProject "IdealistaChallenge" */ = {
			isa = XCConfigurationList;
			buildConfigurations = (
				4C96067E2DC56B3E0054D0FD /* Debug */,
				4C96067F2DC56B3E0054D0FD /* Release */,
			);
			defaultConfigurationIsVisible = 0;
			defaultConfigurationName = Release;
		};
		4C96067B2DC56B3E0054D0FD /* Build configuration list for PBXNativeTarget "IdealistaChallenge" */ = {
			isa = XCConfigurationList;
			buildConfigurations = (
				4C96067C2DC56B3E0054D0FD /* Debug */,
				4C96067D2DC56B3E0054D0FD /* Release */,
			);
			defaultConfigurationIsVisible = 0;
			defaultConfigurationName = Release;
		};
		4C9606802DC56B3E0054D0FD /* Build configuration list for PBXNativeTarget "IdealistaChallengeTests" */ = {
			isa = XCConfigurationList;
			buildConfigurations = (
				4C9606812DC56B3E0054D0FD /* Debug */,
				4C9606822DC56B3E0054D0FD /* Release */,
			);
			defaultConfigurationIsVisible = 0;
			defaultConfigurationName = Release;
		};
		4C9606832DC56B3E0054D0FD /* Build configuration list for PBXNativeTarget "IdealistaChallengeUITests" */ = {
			isa = XCConfigurationList;
			buildConfigurations = (
				4C9606842DC56B3E0054D0FD /* Debug */,
				4C9606852DC56B3E0054D0FD /* Release */,
			);
			defaultConfigurationIsVisible = 0;
			defaultConfigurationName = Release;
		};
/* End XCConfigurationList section */
	};
	rootObject = 4C96064A2DC56B3C0054D0FD /* Project object */;
}
